// !$*UTF8*$!
{
	archiveVersion = 1;
	classes = {
	};
	objectVersion = 46;
	objects = {

/* Begin PBXBuildFile section */
		5EAB7FDF1AF3B52500091E88 /* AppDelegate.swift in Sources */ = {isa = PBXBuildFile; fileRef = 5EAB7FDE1AF3B52500091E88 /* AppDelegate.swift */; };
		5EAB7FE11AF3B52500091E88 /* ViewController.swift in Sources */ = {isa = PBXBuildFile; fileRef = 5EAB7FE01AF3B52500091E88 /* ViewController.swift */; };
		5EAB7FE41AF3B52500091E88 /* Main.storyboard in Resources */ = {isa = PBXBuildFile; fileRef = 5EAB7FE21AF3B52500091E88 /* Main.storyboard */; };
		5EAB7FE61AF3B52500091E88 /* Images.xcassets in Resources */ = {isa = PBXBuildFile; fileRef = 5EAB7FE51AF3B52500091E88 /* Images.xcassets */; };
		5EAB7FE91AF3B52500091E88 /* LaunchScreen.xib in Resources */ = {isa = PBXBuildFile; fileRef = 5EAB7FE71AF3B52500091E88 /* LaunchScreen.xib */; };
		5EAB7FF51AF3B52500091E88 /* appBDDAppTests.swift in Sources */ = {isa = PBXBuildFile; fileRef = 5EAB7FF41AF3B52500091E88 /* appBDDAppTests.swift */; };
/* End PBXBuildFile section */

/* Begin PBXContainerItemProxy section */
		5EAB7FEF1AF3B52500091E88 /* PBXContainerItemProxy */ = {
			isa = PBXContainerItemProxy;
			containerPortal = 5EAB7FD11AF3B52500091E88 /* Project object */;
			proxyType = 1;
			remoteGlobalIDString = 5EAB7FD81AF3B52500091E88;
			remoteInfo = appBDDApp;
		};
/* End PBXContainerItemProxy section */

/* Begin PBXFileReference section */
		5EAB7FD91AF3B52500091E88 /* appBDDApp.app */ = {isa = PBXFileReference; explicitFileType = wrapper.application; includeInIndex = 0; path = appBDDApp.app; sourceTree = BUILT_PRODUCTS_DIR; };
		5EAB7FDD1AF3B52500091E88 /* Info.plist */ = {isa = PBXFileReference; lastKnownFileType = text.plist.xml; path = Info.plist; sourceTree = "<group>"; };
		5EAB7FDE1AF3B52500091E88 /* AppDelegate.swift */ = {isa = PBXFileReference; lastKnownFileType = sourcecode.swift; path = AppDelegate.swift; sourceTree = "<group>"; };
		5EAB7FE01AF3B52500091E88 /* ViewController.swift */ = {isa = PBXFileReference; lastKnownFileType = sourcecode.swift; path = ViewController.swift; sourceTree = "<group>"; };
		5EAB7FE31AF3B52500091E88 /* Base */ = {isa = PBXFileReference; lastKnownFileType = file.storyboard; name = Base; path = Base.lproj/Main.storyboard; sourceTree = "<group>"; };
		5EAB7FE51AF3B52500091E88 /* Images.xcassets */ = {isa = PBXFileReference; lastKnownFileType = folder.assetcatalog; path = Images.xcassets; sourceTree = "<group>"; };
		5EAB7FE81AF3B52500091E88 /* Base */ = {isa = PBXFileReference; lastKnownFileType = file.xib; name = Base; path = Base.lproj/LaunchScreen.xib; sourceTree = "<group>"; };
		5EAB7FEE1AF3B52500091E88 /* appBDDAppTests.xctest */ = {isa = PBXFileReference; explicitFileType = wrapper.cfbundle; includeInIndex = 0; path = appBDDAppTests.xctest; sourceTree = BUILT_PRODUCTS_DIR; };
		5EAB7FF31AF3B52500091E88 /* Info.plist */ = {isa = PBXFileReference; lastKnownFileType = text.plist.xml; path = Info.plist; sourceTree = "<group>"; };
		5EAB7FF41AF3B52500091E88 /* appBDDAppTests.swift */ = {isa = PBXFileReference; lastKnownFileType = sourcecode.swift; path = appBDDAppTests.swift; sourceTree = "<group>"; };
/* End PBXFileReference section */

/* Begin PBXFrameworksBuildPhase section */
		5EAB7FD61AF3B52500091E88 /* Frameworks */ = {
			isa = PBXFrameworksBuildPhase;
			buildActionMask = 2147483647;
			files = (
			);
			runOnlyForDeploymentPostprocessing = 0;
		};
		5EAB7FEB1AF3B52500091E88 /* Frameworks */ = {
			isa = PBXFrameworksBuildPhase;
			buildActionMask = 2147483647;
			files = (
			);
			runOnlyForDeploymentPostprocessing = 0;
		};
/* End PBXFrameworksBuildPhase section */

/* Begin PBXGroup section */
		5EAB7FD01AF3B52500091E88 = {
			isa = PBXGroup;
			children = (
				5EAB7FDB1AF3B52500091E88 /* appBDDApp */,
				5EAB7FF11AF3B52500091E88 /* appBDDAppTests */,
				5EAB7FDA1AF3B52500091E88 /* Products */,
			);
			sourceTree = "<group>";
		};
		5EAB7FDA1AF3B52500091E88 /* Products */ = {
			isa = PBXGroup;
			children = (
				5EAB7FD91AF3B52500091E88 /* appBDDApp.app */,
				5EAB7FEE1AF3B52500091E88 /* appBDDAppTests.xctest */,
			);
			name = Products;
			sourceTree = "<group>";
		};
		5EAB7FDB1AF3B52500091E88 /* appBDDApp */ = {
			isa = PBXGroup;
			children = (
				5EAB7FDE1AF3B52500091E88 /* AppDelegate.swift */,
				5EAB7FE01AF3B52500091E88 /* ViewController.swift */,
				5EAB7FE21AF3B52500091E88 /* Main.storyboard */,
				5EAB7FE51AF3B52500091E88 /* Images.xcassets */,
				5EAB7FE71AF3B52500091E88 /* LaunchScreen.xib */,
				5EAB7FDC1AF3B52500091E88 /* Supporting Files */,
			);
			path = appBDDApp;
			sourceTree = "<group>";
		};
		5EAB7FDC1AF3B52500091E88 /* Supporting Files */ = {
			isa = PBXGroup;
			children = (
				5EAB7FDD1AF3B52500091E88 /* Info.plist */,
			);
			name = "Supporting Files";
			sourceTree = "<group>";
		};
		5EAB7FF11AF3B52500091E88 /* appBDDAppTests */ = {
			isa = PBXGroup;
			children = (
				5EAB7FF41AF3B52500091E88 /* appBDDAppTests.swift */,
				5EAB7FF21AF3B52500091E88 /* Supporting Files */,
			);
			path = appBDDAppTests;
			sourceTree = "<group>";
		};
		5EAB7FF21AF3B52500091E88 /* Supporting Files */ = {
			isa = PBXGroup;
			children = (
				5EAB7FF31AF3B52500091E88 /* Info.plist */,
			);
			name = "Supporting Files";
			sourceTree = "<group>";
		};
/* End PBXGroup section */

/* Begin PBXNativeTarget section */
		5EAB7FD81AF3B52500091E88 /* appBDDApp */ = {
			isa = PBXNativeTarget;
			buildConfigurationList = 5EAB7FF81AF3B52500091E88 /* Build configuration list for PBXNativeTarget "appBDDApp" */;
			buildPhases = (
				5EAB7FD51AF3B52500091E88 /* Sources */,
				5EAB7FD61AF3B52500091E88 /* Frameworks */,
				5EAB7FD71AF3B52500091E88 /* Resources */,
			);
			buildRules = (
			);
			dependencies = (
			);
			name = appBDDApp;
			productName = appBDDApp;
			productReference = 5EAB7FD91AF3B52500091E88 /* appBDDApp.app */;
			productType = "com.apple.product-type.application";
		};
		5EAB7FED1AF3B52500091E88 /* appBDDAppTests */ = {
			isa = PBXNativeTarget;
			buildConfigurationList = 5EAB7FFB1AF3B52500091E88 /* Build configuration list for PBXNativeTarget "appBDDAppTests" */;
			buildPhases = (
				5EAB7FEA1AF3B52500091E88 /* Sources */,
				5EAB7FEB1AF3B52500091E88 /* Frameworks */,
				5EAB7FEC1AF3B52500091E88 /* Resources */,
			);
			buildRules = (
			);
			dependencies = (
				5EAB7FF01AF3B52500091E88 /* PBXTargetDependency */,
			);
			name = appBDDAppTests;
			productName = appBDDAppTests;
			productReference = 5EAB7FEE1AF3B52500091E88 /* appBDDAppTests.xctest */;
			productType = "com.apple.product-type.bundle.unit-test";
		};
/* End PBXNativeTarget section */

/* Begin PBXProject section */
		5EAB7FD11AF3B52500091E88 /* Project object */ = {
			isa = PBXProject;
			attributes = {
				LastUpgradeCheck = 0630;
				ORGANIZATIONNAME = djzhang;
				TargetAttributes = {
					5EAB7FD81AF3B52500091E88 = {
						CreatedOnToolsVersion = 6.3.1;
					};
					5EAB7FED1AF3B52500091E88 = {
						CreatedOnToolsVersion = 6.3.1;
						TestTargetID = 5EAB7FD81AF3B52500091E88;
					};
				};
			};
			buildConfigurationList = 5EAB7FD41AF3B52500091E88 /* Build configuration list for PBXProject "appBDDApp" */;
			compatibilityVersion = "Xcode 3.2";
			developmentRegion = English;
			hasScannedForEncodings = 0;
			knownRegions = (
				en,
				Base,
			);
			mainGroup = 5EAB7FD01AF3B52500091E88;
			productRefGroup = 5EAB7FDA1AF3B52500091E88 /* Products */;
			projectDirPath = "";
			projectRoot = "";
			targets = (
				5EAB7FD81AF3B52500091E88 /* appBDDApp */,
				5EAB7FED1AF3B52500091E88 /* appBDDAppTests */,
			);
		};
/* End PBXProject section */

/* Begin PBXResourcesBuildPhase section */
		5EAB7FD71AF3B52500091E88 /* Resources */ = {
			isa = PBXResourcesBuildPhase;
			buildActionMask = 2147483647;
			files = (
				5EAB7FE41AF3B52500091E88 /* Main.storyboard in Resources */,
				5EAB7FE91AF3B52500091E88 /* LaunchScreen.xib in Resources */,
				5EAB7FE61AF3B52500091E88 /* Images.xcassets in Resources */,
			);
			runOnlyForDeploymentPostprocessing = 0;
		};
		5EAB7FEC1AF3B52500091E88 /* Resources */ = {
			isa = PBXResourcesBuildPhase;
			buildActionMask = 2147483647;
			files = (
			);
			runOnlyForDeploymentPostprocessing = 0;
		};
/* End PBXResourcesBuildPhase section */

/* Begin PBXSourcesBuildPhase section */
		5EAB7FD51AF3B52500091E88 /* Sources */ = {
			isa = PBXSourcesBuildPhase;
			buildActionMask = 2147483647;
			files = (
				5EAB7FE11AF3B52500091E88 /* ViewController.swift in Sources */,
				5EAB7FDF1AF3B52500091E88 /* AppDelegate.swift in Sources */,
			);
			runOnlyForDeploymentPostprocessing = 0;
		};
		5EAB7FEA1AF3B52500091E88 /* Sources */ = {
			isa = PBXSourcesBuildPhase;
			buildActionMask = 2147483647;
			files = (
				5EAB7FF51AF3B52500091E88 /* appBDDAppTests.swift in Sources */,
			);
			runOnlyForDeploymentPostprocessing = 0;
		};
/* End PBXSourcesBuildPhase section */

/* Begin PBXTargetDependency section */
		5EAB7FF01AF3B52500091E88 /* PBXTargetDependency */ = {
			isa = PBXTargetDependency;
			target = 5EAB7FD81AF3B52500091E88 /* appBDDApp */;
			targetProxy = 5EAB7FEF1AF3B52500091E88 /* PBXContainerItemProxy */;
		};
/* End PBXTargetDependency section */

/* Begin PBXVariantGroup section */
		5EAB7FE21AF3B52500091E88 /* Main.storyboard */ = {
			isa = PBXVariantGroup;
			children = (
				5EAB7FE31AF3B52500091E88 /* Base */,
			);
			name = Main.storyboard;
			sourceTree = "<group>";
		};
		5EAB7FE71AF3B52500091E88 /* LaunchScreen.xib */ = {
			isa = PBXVariantGroup;
			children = (
				5EAB7FE81AF3B52500091E88 /* Base */,
			);
			name = LaunchScreen.xib;
			sourceTree = "<group>";
		};
/* End PBXVariantGroup section */

/* Begin XCBuildConfiguration section */
		5EAB7FF61AF3B52500091E88 /* Debug */ = {
			isa = XCBuildConfiguration;
			buildSettings = {
				ALWAYS_SEARCH_USER_PATHS = NO;
				CLANG_CXX_LANGUAGE_STANDARD = "gnu++0x";
				CLANG_CXX_LIBRARY = "libc++";
				CLANG_ENABLE_MODULES = YES;
				CLANG_ENABLE_OBJC_ARC = YES;
				CLANG_WARN_BOOL_CONVERSION = YES;
				CLANG_WARN_CONSTANT_CONVERSION = YES;
				CLANG_WARN_DIRECT_OBJC_ISA_USAGE = YES_ERROR;
				CLANG_WARN_EMPTY_BODY = YES;
				CLANG_WARN_ENUM_CONVERSION = YES;
				CLANG_WARN_INT_CONVERSION = YES;
				CLANG_WARN_OBJC_ROOT_CLASS = YES_ERROR;
				CLANG_WARN_UNREACHABLE_CODE = YES;
				CLANG_WARN__DUPLICATE_METHOD_MATCH = YES;
				"CODE_SIGN_IDENTITY[sdk=iphoneos*]" = "iPhone Developer";
				COPY_PHASE_STRIP = NO;
				DEBUG_INFORMATION_FORMAT = "dwarf-with-dsym";
				DEFINES_MODULE = YES;
				ENABLE_STRICT_OBJC_MSGSEND = YES;
				GCC_C_LANGUAGE_STANDARD = gnu99;
				GCC_DYNAMIC_NO_PIC = NO;
				GCC_NO_COMMON_BLOCKS = YES;
				GCC_OPTIMIZATION_LEVEL = 0;
				GCC_PREPROCESSOR_DEFINITIONS = (
					"DEBUG=1",
					"$(inherited)",
				);
				GCC_SYMBOLS_PRIVATE_EXTERN = NO;
				GCC_WARN_64_TO_32_BIT_CONVERSION = YES;
				GCC_WARN_ABOUT_RETURN_TYPE = YES_ERROR;
				GCC_WARN_UNDECLARED_SELECTOR = YES;
				GCC_WARN_UNINITIALIZED_AUTOS = YES_AGGRESSIVE;
				GCC_WARN_UNUSED_FUNCTION = YES;
				GCC_WARN_UNUSED_VARIABLE = YES;
				IPHONEOS_DEPLOYMENT_TARGET = 8.3;
				MTL_ENABLE_DEBUG_INFO = YES;
				ONLY_ACTIVE_ARCH = YES;
				SDKROOT = iphoneos;
				SWIFT_OPTIMIZATION_LEVEL = "-Onone";
				TARGETED_DEVICE_FAMILY = 2;
			};
			name = Debug;
		};
		5EAB7FF71AF3B52500091E88 /* Release */ = {
			isa = XCBuildConfiguration;
			buildSettings = {
				ALWAYS_SEARCH_USER_PATHS = NO;
				CLANG_CXX_LANGUAGE_STANDARD = "gnu++0x";
				CLANG_CXX_LIBRARY = "libc++";
				CLANG_ENABLE_MODULES = YES;
				CLANG_ENABLE_OBJC_ARC = YES;
				CLANG_WARN_BOOL_CONVERSION = YES;
				CLANG_WARN_CONSTANT_CONVERSION = YES;
				CLANG_WARN_DIRECT_OBJC_ISA_USAGE = YES_ERROR;
				CLANG_WARN_EMPTY_BODY = YES;
				CLANG_WARN_ENUM_CONVERSION = YES;
				CLANG_WARN_INT_CONVERSION = YES;
				CLANG_WARN_OBJC_ROOT_CLASS = YES_ERROR;
				CLANG_WARN_UNREACHABLE_CODE = YES;
				CLANG_WARN__DUPLICATE_METHOD_MATCH = YES;
				"CODE_SIGN_IDENTITY[sdk=iphoneos*]" = "iPhone Developer";
				COPY_PHASE_STRIP = NO;
				DEBUG_INFORMATION_FORMAT = "dwarf-with-dsym";
				DEFINES_MODULE = YES;
				ENABLE_NS_ASSERTIONS = NO;
				ENABLE_STRICT_OBJC_MSGSEND = YES;
				GCC_C_LANGUAGE_STANDARD = gnu99;
				GCC_NO_COMMON_BLOCKS = YES;
				GCC_WARN_64_TO_32_BIT_CONVERSION = YES;
				GCC_WARN_ABOUT_RETURN_TYPE = YES_ERROR;
				GCC_WARN_UNDECLARED_SELECTOR = YES;
				GCC_WARN_UNINITIALIZED_AUTOS = YES_AGGRESSIVE;
				GCC_WARN_UNUSED_FUNCTION = YES;
				GCC_WARN_UNUSED_VARIABLE = YES;
				IPHONEOS_DEPLOYMENT_TARGET = 8.3;
				MTL_ENABLE_DEBUG_INFO = NO;
				SDKROOT = iphoneos;
				TARGETED_DEVICE_FAMILY = 2;
				VALIDATE_PRODUCT = YES;
			};
			name = Release;
		};
		5EAB7FF91AF3B52500091E88 /* Debug */ = {
			isa = XCBuildConfiguration;
			buildSettings = {
				ASSETCATALOG_COMPILER_APPICON_NAME = AppIcon;
				INFOPLIST_FILE = appBDDApp/Info.plist;
				LD_RUNPATH_SEARCH_PATHS = "$(inherited) @executable_path/Frameworks";
				PRODUCT_NAME = "$(TARGET_NAME)";
			};
			name = Debug;
		};
		5EAB7FFA1AF3B52500091E88 /* Release */ = {
			isa = XCBuildConfiguration;
			buildSettings = {
				ASSETCATALOG_COMPILER_APPICON_NAME = AppIcon;
				INFOPLIST_FILE = appBDDApp/Info.plist;
				LD_RUNPATH_SEARCH_PATHS = "$(inherited) @executable_path/Frameworks";
				PRODUCT_NAME = "$(TARGET_NAME)";
			};
			name = Release;
		};
		5EAB7FFC1AF3B52500091E88 /* Debug */ = {
			isa = XCBuildConfiguration;
			buildSettings = {
				BUNDLE_LOADER = "$(TEST_HOST)";
				FRAMEWORK_SEARCH_PATHS = (
					"$(SDKROOT)/Developer/Library/Frameworks",
					"$(inherited)",
				);
				GCC_PREPROCESSOR_DEFINITIONS = (
					"DEBUG=1",
					"$(inherited)",
				);
				INFOPLIST_FILE = appBDDAppTests/Info.plist;
				LD_RUNPATH_SEARCH_PATHS = "$(inherited) @executable_path/Frameworks @loader_path/Frameworks";
				PRODUCT_NAME = "$(TARGET_NAME)";
				TEST_HOST = "$(BUILT_PRODUCTS_DIR)/appBDDApp.app/appBDDApp";
			};
			name = Debug;
		};
		5EAB7FFD1AF3B52500091E88 /* Release */ = {
			isa = XCBuildConfiguration;
			buildSettings = {
				BUNDLE_LOADER = "$(TEST_HOST)";
				FRAMEWORK_SEARCH_PATHS = (
					"$(SDKROOT)/Developer/Library/Frameworks",
					"$(inherited)",
				);
				INFOPLIST_FILE = appBDDAppTests/Info.plist;
				LD_RUNPATH_SEARCH_PATHS = "$(inherited) @executable_path/Frameworks @loader_path/Frameworks";
				PRODUCT_NAME = "$(TARGET_NAME)";
				TEST_HOST = "$(BUILT_PRODUCTS_DIR)/appBDDApp.app/appBDDApp";
			};
			name = Release;
		};
/* End XCBuildConfiguration section */

/* Begin XCConfigurationList section */
		5EAB7FD41AF3B52500091E88 /* Build configuration list for PBXProject "appBDDApp" */ = {
			isa = XCConfigurationList;
			buildConfigurations = (
				5EAB7FF61AF3B52500091E88 /* Debug */,
				5EAB7FF71AF3B52500091E88 /* Release */,
			);
			defaultConfigurationIsVisible = 0;
			defaultConfigurationName = Release;
		};
		5EAB7FF81AF3B52500091E88 /* Build configuration list for PBXNativeTarget "appBDDApp" */ = {
			isa = XCConfigurationList;
			buildConfigurations = (
				5EAB7FF91AF3B52500091E88 /* Debug */,
				5EAB7FFA1AF3B52500091E88 /* Release */,
			);
			defaultConfigurationIsVisible = 0;
		};
		5EAB7FFB1AF3B52500091E88 /* Build configuration list for PBXNativeTarget "appBDDAppTests" */ = {
			isa = XCConfigurationList;
			buildConfigurations = (
				5EAB7FFC1AF3B52500091E88 /* Debug */,
				5EAB7FFD1AF3B52500091E88 /* Release */,
			);
			defaultConfigurationIsVisible = 0;
		};
/* End XCConfigurationList section */
	};
	rootObject = 5EAB7FD11AF3B52500091E88 /* Project object */;
}
