// !$*UTF8*$!
{
	archiveVersion = 1;
	classes = {
	};
	objectVersion = 46;
	objects = {

/* Begin PBXBuildFile section */
		5E38189F1B022086009C32B4 /* Cent.framework in Frameworks */ = {isa = PBXBuildFile; fileRef = 5E38189D1B022086009C32B4 /* Cent.framework */; };
		5E3818A01B022086009C32B4 /* Dollar.framework in Frameworks */ = {isa = PBXBuildFile; fileRef = 5E38189E1B022086009C32B4 /* Dollar.framework */; };
		5E46504B1B01F2C9009F908C /* VideoWatchTableModel.swift in Sources */ = {isa = PBXBuildFile; fileRef = 5E46504A1B01F2C9009F908C /* VideoWatchTableModel.swift */; };
		5E57716A1B0479D4005B4A89 /* UIImageViewExtensions.swift in Sources */ = {isa = PBXBuildFile; fileRef = 5E5771691B0479D4005B4A89 /* UIImageViewExtensions.swift */; };
		5E6CCBE51B0192920040ACE7 /* AppDelegate.swift in Sources */ = {isa = PBXBuildFile; fileRef = 5E6CCBE41B0192920040ACE7 /* AppDelegate.swift */; };
		5E6CCBE71B0192920040ACE7 /* ViewController.swift in Sources */ = {isa = PBXBuildFile; fileRef = 5E6CCBE61B0192920040ACE7 /* ViewController.swift */; };
		5E6CCBEA1B0192920040ACE7 /* Main.storyboard in Resources */ = {isa = PBXBuildFile; fileRef = 5E6CCBE81B0192920040ACE7 /* Main.storyboard */; };
		5E6CCBEC1B0192920040ACE7 /* Images.xcassets in Resources */ = {isa = PBXBuildFile; fileRef = 5E6CCBEB1B0192920040ACE7 /* Images.xcassets */; };
		5E6CCBEF1B0192920040ACE7 /* LaunchScreen.xib in Resources */ = {isa = PBXBuildFile; fileRef = 5E6CCBED1B0192920040ACE7 /* LaunchScreen.xib */; };
		5E6CCBFB1B0192920040ACE7 /* appTests.swift in Sources */ = {isa = PBXBuildFile; fileRef = 5E6CCBFA1B0192920040ACE7 /* appTests.swift */; };
		5EA7D0F71B02E571005B4E16 /* UIColorExtensions.swift in Sources */ = {isa = PBXBuildFile; fileRef = 5EA7D0F21B02E571005B4E16 /* UIColorExtensions.swift */; };
		5EA7D0F81B02E571005B4E16 /* UIConstants.swift in Sources */ = {isa = PBXBuildFile; fileRef = 5EA7D0F31B02E571005B4E16 /* UIConstants.swift */; };
		5EA7D0F91B02E571005B4E16 /* UIControlExtensions.swift in Sources */ = {isa = PBXBuildFile; fileRef = 5EA7D0F41B02E571005B4E16 /* UIControlExtensions.swift */; };
		5EA7D0FA1B02E571005B4E16 /* UITableViewExtensions.swift in Sources */ = {isa = PBXBuildFile; fileRef = 5EA7D0F51B02E571005B4E16 /* UITableViewExtensions.swift */; };
		5EA7D0FB1B02E571005B4E16 /* UIViewExtentsions.swift in Sources */ = {isa = PBXBuildFile; fileRef = 5EA7D0F61B02E571005B4E16 /* UIViewExtentsions.swift */; };
		5EA7D0FD1B02E6D7005B4E16 /* UIViewControllerExtensions.swift in Sources */ = {isa = PBXBuildFile; fileRef = 5EA7D0FC1B02E6D7005B4E16 /* UIViewControllerExtensions.swift */; };
		5ECBA9661B0380EE005420C4 /* Autolayout.storyboard in Resources */ = {isa = PBXBuildFile; fileRef = 5ECBA9641B0380EE005420C4 /* Autolayout.storyboard */; };
		5EF002F11B019A54002D2A93 /* Public.storyboard in Resources */ = {isa = PBXBuildFile; fileRef = 5EF002EB1B019A54002D2A93 /* Public.storyboard */; };
		5EF002F21B019A54002D2A93 /* ReusedViewControllers.storyboard in Resources */ = {isa = PBXBuildFile; fileRef = 5EF002ED1B019A54002D2A93 /* ReusedViewControllers.storyboard */; };
		5EF002F31B019A54002D2A93 /* VideoWatchStoryboard.storyboard in Resources */ = {isa = PBXBuildFile; fileRef = 5EF002EF1B019A54002D2A93 /* VideoWatchStoryboard.storyboard */; };
		5EFB6EF51B0193E700423840 /* SwiftyUserDefaults.swift in Sources */ = {isa = PBXBuildFile; fileRef = 5EFB6ED11B0193E700423840 /* SwiftyUserDefaults.swift */; };
		5EFB6EF61B0193E700423840 /* Tools.swift in Sources */ = {isa = PBXBuildFile; fileRef = 5EFB6ED31B0193E700423840 /* Tools.swift */; };
		5EFB6EF71B0193E700423840 /* AppColorScheme.swift in Sources */ = {isa = PBXBuildFile; fileRef = 5EFB6ED51B0193E700423840 /* AppColorScheme.swift */; };
		5EFB6EF81B0193E700423840 /* LayoutUtils.swift in Sources */ = {isa = PBXBuildFile; fileRef = 5EFB6ED61B0193E700423840 /* LayoutUtils.swift */; };
		5EFB6EF91B0193E700423840 /* AuthoredFetcher.swift in Sources */ = {isa = PBXBuildFile; fileRef = 5EFB6ED91B0193E700423840 /* AuthoredFetcher.swift */; };
		5EFB6EFA1B0193E700423840 /* YoutubeBatchableConstant.swift in Sources */ = {isa = PBXBuildFile; fileRef = 5EFB6EDB1B0193E700423840 /* YoutubeBatchableConstant.swift */; };
		5EFB6EFB1B0193E700423840 /* YoutubeRetrievingActivityListItemsFetcher.swift in Sources */ = {isa = PBXBuildFile; fileRef = 5EFB6EDC1B0193E700423840 /* YoutubeRetrievingActivityListItemsFetcher.swift */; };
		5EFB6EFC1B0193E700423840 /* YoutubeRetrievingActivityListItemsFetcherHelper.swift in Sources */ = {isa = PBXBuildFile; fileRef = 5EFB6EDD1B0193E700423840 /* YoutubeRetrievingActivityListItemsFetcherHelper.swift */; };
		5EFB6EFD1B0193E700423840 /* YoutubeRetrievingGTLActivityListItemsFetcher.swift in Sources */ = {isa = PBXBuildFile; fileRef = 5EFB6EDE1B0193E700423840 /* YoutubeRetrievingGTLActivityListItemsFetcher.swift */; };
		5EFB6EFE1B0193E700423840 /* YoutubeRetrievingGTLActivityListItemsFetcherHelper.swift in Sources */ = {isa = PBXBuildFile; fileRef = 5EFB6EDF1B0193E700423840 /* YoutubeRetrievingGTLActivityListItemsFetcherHelper.swift */; };
		5EFB6EFF1B0193E700423840 /* YoutubeRetrievingNewSubscriptionVideosFetcher.swift in Sources */ = {isa = PBXBuildFile; fileRef = 5EFB6EE01B0193E700423840 /* YoutubeRetrievingNewSubscriptionVideosFetcher.swift */; };
		5EFB6F001B0193E700423840 /* YoutubeRetrievingNewSubscriptionVideosFetcherHelper.swift in Sources */ = {isa = PBXBuildFile; fileRef = 5EFB6EE11B0193E700423840 /* YoutubeRetrievingNewSubscriptionVideosFetcherHelper.swift */; };
		5EFB6F011B0193E700423840 /* YoutubeRetrievingPlayListItemsFetcher.swift in Sources */ = {isa = PBXBuildFile; fileRef = 5EFB6EE21B0193E700423840 /* YoutubeRetrievingPlayListItemsFetcher.swift */; };
		5EFB6F021B0193E700423840 /* YoutubeRetrievingPlayListItemsFetcherHelper.swift in Sources */ = {isa = PBXBuildFile; fileRef = 5EFB6EE31B0193E700423840 /* YoutubeRetrievingPlayListItemsFetcherHelper.swift */; };
		5EFB6F031B0193E700423840 /* YoutubeDataFetcher.swift in Sources */ = {isa = PBXBuildFile; fileRef = 5EFB6EE51B0193E700423840 /* YoutubeDataFetcher.swift */; };
		5EFB6F041B0193E700423840 /* YouTubeExtractorUtils.swift in Sources */ = {isa = PBXBuildFile; fileRef = 5EFB6EE61B0193E700423840 /* YouTubeExtractorUtils.swift */; };
		5EFB6F051B0193E700423840 /* LoggedUserChannelInfo.swift in Sources */ = {isa = PBXBuildFile; fileRef = 5EFB6EE81B0193E700423840 /* LoggedUserChannelInfo.swift */; };
		5EFB6F061B0193E700423840 /* YoutubeApiConstant.swift in Sources */ = {isa = PBXBuildFile; fileRef = 5EFB6EE91B0193E700423840 /* YoutubeApiConstant.swift */; };
		5EFB6F071B0193E700423840 /* YoutubeUserProfile.swift in Sources */ = {isa = PBXBuildFile; fileRef = 5EFB6EEA1B0193E700423840 /* YoutubeUserProfile.swift */; };
		5EFB6F081B0193E700423840 /* YTYoutubeRequestInfo.swift in Sources */ = {isa = PBXBuildFile; fileRef = 5EFB6EEB1B0193E700423840 /* YTYoutubeRequestInfo.swift */; };
		5EFB6F091B0193E700423840 /* NSDateExtensions.swift in Sources */ = {isa = PBXBuildFile; fileRef = 5EFB6EED1B0193E700423840 /* NSDateExtensions.swift */; };
		5EFB6F0A1B0193E700423840 /* YoutubeModelParser.swift in Sources */ = {isa = PBXBuildFile; fileRef = 5EFB6EEE1B0193E700423840 /* YoutubeModelParser.swift */; };
		5EFB6F0B1B0193E700423840 /* YoutubeFetcher.swift in Sources */ = {isa = PBXBuildFile; fileRef = 5EFB6EEF1B0193E700423840 /* YoutubeFetcher.swift */; };
		5EFB6F0C1B0193E700423840 /* YoutubeFetcherConstant.swift in Sources */ = {isa = PBXBuildFile; fileRef = 5EFB6EF01B0193E700423840 /* YoutubeFetcherConstant.swift */; };
		5EFB6F0E1B01942B00423840 /* Cartography.framework in Frameworks */ = {isa = PBXBuildFile; fileRef = 5EFB6F0D1B01942B00423840 /* Cartography.framework */; };
		5EFB6F101B01943200423840 /* WebImage.framework in Frameworks */ = {isa = PBXBuildFile; fileRef = 5EFB6F0F1B01943200423840 /* WebImage.framework */; };
		5EFB6F181B01949E00423840 /* YTTabBar.swift in Sources */ = {isa = PBXBuildFile; fileRef = 5EFB6F131B01949E00423840 /* YTTabBar.swift */; };
		5EFB6F191B01949E00423840 /* YTTabbarConstants.swift in Sources */ = {isa = PBXBuildFile; fileRef = 5EFB6F141B01949E00423840 /* YTTabbarConstants.swift */; };
		5EFB6F1A1B01949E00423840 /* YTTabBarController.swift in Sources */ = {isa = PBXBuildFile; fileRef = 5EFB6F151B01949E00423840 /* YTTabBarController.swift */; };
		5EFB6F1B1B01949E00423840 /* YTTabBarItemsUtils.swift in Sources */ = {isa = PBXBuildFile; fileRef = 5EFB6F161B01949E00423840 /* YTTabBarItemsUtils.swift */; };
		5EFB6F1C1B01949E00423840 /* YTTabBarItemsViewController.swift in Sources */ = {isa = PBXBuildFile; fileRef = 5EFB6F171B01949E00423840 /* YTTabBarItemsViewController.swift */; };
		5EFB6F211B0194A900423840 /* ChannelBannerViewController.swift in Sources */ = {isa = PBXBuildFile; fileRef = 5EFB6F1E1B0194A900423840 /* ChannelBannerViewController.swift */; };
		5EFB6F221B0194A900423840 /* ChannelPageViewController.swift in Sources */ = {isa = PBXBuildFile; fileRef = 5EFB6F1F1B0194A900423840 /* ChannelPageViewController.swift */; };
		5EFB6F231B0194A900423840 /* YoutubePageConstants.swift in Sources */ = {isa = PBXBuildFile; fileRef = 5EFB6F201B0194A900423840 /* YoutubePageConstants.swift */; };
		5EFB6F321B0194B300423840 /* MovieEmbeddedBasedBarViewController.swift in Sources */ = {isa = PBXBuildFile; fileRef = 5EFB6F261B0194B300423840 /* MovieEmbeddedBasedBarViewController.swift */; };
		5EFB6F331B0194B300423840 /* MovieEmbeddedNormalBarViewController.swift in Sources */ = {isa = PBXBuildFile; fileRef = 5EFB6F271B0194B300423840 /* MovieEmbeddedNormalBarViewController.swift */; };
		5EFB6F341B0194B300423840 /* MovieEmbeddedViewController.swift in Sources */ = {isa = PBXBuildFile; fileRef = 5EFB6F281B0194B300423840 /* MovieEmbeddedViewController.swift */; };
		5EFB6F351B0194B300423840 /* AVPlayerView.swift in Sources */ = {isa = PBXBuildFile; fileRef = 5EFB6F2A1B0194B300423840 /* AVPlayerView.swift */; };
		5EFB6F361B0194B300423840 /* CMTime+Validation.swift in Sources */ = {isa = PBXBuildFile; fileRef = 5EFB6F2B1B0194B300423840 /* CMTime+Validation.swift */; };
		5EFB6F371B0194B300423840 /* MoviePlayerViewHelper.swift in Sources */ = {isa = PBXBuildFile; fileRef = 5EFB6F2C1B0194B300423840 /* MoviePlayerViewHelper.swift */; };
		5EFB6F381B0194B300423840 /* PeriodicTimeProtocol.swift in Sources */ = {isa = PBXBuildFile; fileRef = 5EFB6F2D1B0194B300423840 /* PeriodicTimeProtocol.swift */; };
		5EFB6F391B0194B300423840 /* YTPlayerSubtitling.swift in Sources */ = {isa = PBXBuildFile; fileRef = 5EFB6F2E1B0194B300423840 /* YTPlayerSubtitling.swift */; };
		5EFB6F3A1B0194B300423840 /* VideoWatchProtocol.swift in Sources */ = {isa = PBXBuildFile; fileRef = 5EFB6F2F1B0194B300423840 /* VideoWatchProtocol.swift */; };
		5EFB6F3B1B0194B300423840 /* WatchViewConstant.swift in Sources */ = {isa = PBXBuildFile; fileRef = 5EFB6F301B0194B300423840 /* WatchViewConstant.swift */; };
		5EFB6F3C1B0194B300423840 /* YTVideoWatchViewController.swift in Sources */ = {isa = PBXBuildFile; fileRef = 5EFB6F311B0194B300423840 /* YTVideoWatchViewController.swift */; };
		5EFB6F451B0194D800423840 /* MenuCollapseTableCell.swift in Sources */ = {isa = PBXBuildFile; fileRef = 5EFB6F3F1B0194D800423840 /* MenuCollapseTableCell.swift */; };
		5EFB6F471B0194D800423840 /* MenuSectionHeaderView.swift in Sources */ = {isa = PBXBuildFile; fileRef = 5EFB6F411B0194D800423840 /* MenuSectionHeaderView.swift */; };
		5EFB6F481B0194D800423840 /* MenuTableLoggedHeaderView.swift in Sources */ = {isa = PBXBuildFile; fileRef = 5EFB6F421B0194D800423840 /* MenuTableLoggedHeaderView.swift */; };
		5EFB6F491B0194D800423840 /* MenuTableSignInHeaderView.swift in Sources */ = {isa = PBXBuildFile; fileRef = 5EFB6F431B0194D800423840 /* MenuTableSignInHeaderView.swift */; };
		5EFB6F4A1B0194D800423840 /* TableCellProtocols.swift in Sources */ = {isa = PBXBuildFile; fileRef = 5EFB6F441B0194D800423840 /* TableCellProtocols.swift */; };
		5EFB6F611B0194DF00423840 /* LeftMenuConstant.swift in Sources */ = {isa = PBXBuildFile; fileRef = 5EFB6F4F1B0194DF00423840 /* LeftMenuConstant.swift */; };
		5EFB6F621B0194DF00423840 /* LeftMenuSectionsUtils.swift in Sources */ = {isa = PBXBuildFile; fileRef = 5EFB6F501B0194DF00423840 /* LeftMenuSectionsUtils.swift */; };
		5EFB6F631B0194DF00423840 /* LeftMenuViewController.swift in Sources */ = {isa = PBXBuildFile; fileRef = 5EFB6F511B0194DF00423840 /* LeftMenuViewController.swift */; };
		5EFB6F641B0194DF00423840 /* MenuLoggedTitleBarCell.swift in Sources */ = {isa = PBXBuildFile; fileRef = 5EFB6F531B0194DF00423840 /* MenuLoggedTitleBarCell.swift */; };
		5EFB6F651B0194DF00423840 /* MenuLoginTitleBarCell.swift in Sources */ = {isa = PBXBuildFile; fileRef = 5EFB6F541B0194DF00423840 /* MenuLoginTitleBarCell.swift */; };
		5EFB6F661B0194DF00423840 /* MenuTitleBarBaseCellObject.swift in Sources */ = {isa = PBXBuildFile; fileRef = 5EFB6F551B0194DF00423840 /* MenuTitleBarBaseCellObject.swift */; };
		5EFB6F671B0194DF00423840 /* YTMenuRemoteRowCellObject.swift in Sources */ = {isa = PBXBuildFile; fileRef = 5EFB6F561B0194DF00423840 /* YTMenuRemoteRowCellObject.swift */; };
		5EFB6F681B0194DF00423840 /* YTMenuRowCellObject.swift in Sources */ = {isa = PBXBuildFile; fileRef = 5EFB6F571B0194DF00423840 /* YTMenuRowCellObject.swift */; };
		5EFB6F691B0194DF00423840 /* YTSectionTitleCellObject.swift in Sources */ = {isa = PBXBuildFile; fileRef = 5EFB6F581B0194DF00423840 /* YTSectionTitleCellObject.swift */; };
		5EFB6F6A1B0194DF00423840 /* NBMenuSectionGenerator.swift in Sources */ = {isa = PBXBuildFile; fileRef = 5EFB6F591B0194DF00423840 /* NBMenuSectionGenerator.swift */; };
		5EFB6F6B1B0194DF00423840 /* NBMenuTableViewController.swift in Sources */ = {isa = PBXBuildFile; fileRef = 5EFB6F5A1B0194DF00423840 /* NBMenuTableViewController.swift */; };
		5EFB6F6C1B0194DF00423840 /* FrontBaseViewController.swift in Sources */ = {isa = PBXBuildFile; fileRef = 5EFB6F5C1B0194DF00423840 /* FrontBaseViewController.swift */; };
		5EFB6F6D1B0194DF00423840 /* SubscriptionsViewController.swift in Sources */ = {isa = PBXBuildFile; fileRef = 5EFB6F5D1B0194DF00423840 /* SubscriptionsViewController.swift */; };
		5EFB6F6E1B0194DF00423840 /* RevealViewHelper.swift in Sources */ = {isa = PBXBuildFile; fileRef = 5EFB6F5F1B0194DF00423840 /* RevealViewHelper.swift */; };
		5EFB6F7D1B0194F300423840 /* AutoCompletePopoverController.swift in Sources */ = {isa = PBXBuildFile; fileRef = 5EFB6F751B0194F300423840 /* AutoCompletePopoverController.swift */; };
		5EFB6F7E1B0194F300423840 /* PopoverTableViewController.swift in Sources */ = {isa = PBXBuildFile; fileRef = 5EFB6F771B0194F300423840 /* PopoverTableViewController.swift */; };
		5EFB6F7F1B0194F300423840 /* AutoCompletePopoverEvent.swift in Sources */ = {isa = PBXBuildFile; fileRef = 5EFB6F791B0194F300423840 /* AutoCompletePopoverEvent.swift */; };
		5EFB6F801B0194F300423840 /* AutoCompletePopoverSearchBar.swift in Sources */ = {isa = PBXBuildFile; fileRef = 5EFB6F7B1B0194F300423840 /* AutoCompletePopoverSearchBar.swift */; };
		5EFB6F811B0194F300423840 /* PopoverProtocol.swift in Sources */ = {isa = PBXBuildFile; fileRef = 5EFB6F7C1B0194F300423840 /* PopoverProtocol.swift */; };
		5EFB6F931B0194FA00423840 /* DetailPageTableUtils.swift in Sources */ = {isa = PBXBuildFile; fileRef = 5EFB6F831B0194FA00423840 /* DetailPageTableUtils.swift */; };
		5EFB6F941B0194FA00423840 /* DetailPageTableViewController.swift in Sources */ = {isa = PBXBuildFile; fileRef = 5EFB6F841B0194FA00423840 /* DetailPageTableViewController.swift */; };
		5EFB6F951B0194FA00423840 /* VideoInfoObject.swift in Sources */ = {isa = PBXBuildFile; fileRef = 5EFB6F861B0194FA00423840 /* VideoInfoObject.swift */; };
		5EFB6F971B0194FA00423840 /* ChannelInfoTableViewCell.swift in Sources */ = {isa = PBXBuildFile; fileRef = 5EFB6F8A1B0194FA00423840 /* ChannelInfoTableViewCell.swift */; };
		5EFB6F981B0194FA00423840 /* HeaderTableViewCell.swift in Sources */ = {isa = PBXBuildFile; fileRef = 5EFB6F8B1B0194FA00423840 /* HeaderTableViewCell.swift */; };
		5EFB6F991B0194FA00423840 /* SuggestionVideoInfoTableViewCell.swift in Sources */ = {isa = PBXBuildFile; fileRef = 5EFB6F8C1B0194FA00423840 /* SuggestionVideoInfoTableViewCell.swift */; };
		5EFB6F9A1B0194FA00423840 /* VideoDescriptionTableViewCell.swift in Sources */ = {isa = PBXBuildFile; fileRef = 5EFB6F8D1B0194FA00423840 /* VideoDescriptionTableViewCell.swift */; };
		5EFB6F9B1B0194FA00423840 /* VideoInfoTableViewCell.swift in Sources */ = {isa = PBXBuildFile; fileRef = 5EFB6F8E1B0194FA00423840 /* VideoInfoTableViewCell.swift */; };
		5EFB6F9C1B0194FA00423840 /* VideoStatisticTableViewCell.swift in Sources */ = {isa = PBXBuildFile; fileRef = 5EFB6F8F1B0194FA00423840 /* VideoStatisticTableViewCell.swift */; };
		5EFB6F9D1B0194FA00423840 /* VideoInfoConstant.swift in Sources */ = {isa = PBXBuildFile; fileRef = 5EFB6F901B0194FA00423840 /* VideoInfoConstant.swift */; };
		5EFB6FAB1B01950100423840 /* NSDateISO8601.swift in Sources */ = {isa = PBXBuildFile; fileRef = 5EFB6FA11B01950100423840 /* NSDateISO8601.swift */; };
		5EFB6FAC1B01950100423840 /* String+Trim.swift in Sources */ = {isa = PBXBuildFile; fileRef = 5EFB6FA31B01950100423840 /* String+Trim.swift */; };
		5EFB6FAD1B01950100423840 /* Path.swift in Sources */ = {isa = PBXBuildFile; fileRef = 5EFB6FA51B01950100423840 /* Path.swift */; };
		5EFB6FAE1B01950100423840 /* PathExtensionDir.swift in Sources */ = {isa = PBXBuildFile; fileRef = 5EFB6FA61B01950100423840 /* PathExtensionDir.swift */; };
		5EFB6FAF1B01950100423840 /* PathExtensionFile.swift in Sources */ = {isa = PBXBuildFile; fileRef = 5EFB6FA71B01950100423840 /* PathExtensionFile.swift */; };
		5EFB6FB01B01950100423840 /* Result.swift in Sources */ = {isa = PBXBuildFile; fileRef = 5EFB6FA81B01950100423840 /* Result.swift */; };
		5EFB6FB11B01950100423840 /* UIColorExtension.swift in Sources */ = {isa = PBXBuildFile; fileRef = 5EFB6FAA1B01950100423840 /* UIColorExtension.swift */; };
		5EFB6FC81B01950B00423840 /* FetchEventProtocol.swift in Sources */ = {isa = PBXBuildFile; fileRef = 5EFB6FB91B01950B00423840 /* FetchEventProtocol.swift */; };
		5EFB6FC91B01950B00423840 /* RetrievingNewestVideoIdsTask.swift in Sources */ = {isa = PBXBuildFile; fileRef = 5EFB6FBA1B01950B00423840 /* RetrievingNewestVideoIdsTask.swift */; };
		5EFB6FCA1B01950B00423840 /* SearchTask.swift in Sources */ = {isa = PBXBuildFile; fileRef = 5EFB6FBB1B01950B00423840 /* SearchTask.swift */; };
		5EFB6FCB1B01950B00423840 /* SuggestionVideoListTask.swift in Sources */ = {isa = PBXBuildFile; fileRef = 5EFB6FBC1B01950B00423840 /* SuggestionVideoListTask.swift */; };
		5EFB6FCC1B01950B00423840 /* NBCollectionSectionGenerator.swift in Sources */ = {isa = PBXBuildFile; fileRef = 5EFB6FBD1B01950B00423840 /* NBCollectionSectionGenerator.swift */; };
		5EFB6FCE1B01950B00423840 /* VideoCollectionViewCellLayout.swift in Sources */ = {isa = PBXBuildFile; fileRef = 5EFB6FC11B01950B00423840 /* VideoCollectionViewCellLayout.swift */; };
		5EFB6FCF1B01950B00423840 /* YTVideoCollectionViewCell.swift in Sources */ = {isa = PBXBuildFile; fileRef = 5EFB6FC21B01950B00423840 /* YTVideoCollectionViewCell.swift */; };
		5EFB6FD01B01950B00423840 /* YTVideoCollectionConstant.swift in Sources */ = {isa = PBXBuildFile; fileRef = 5EFB6FC31B01950B00423840 /* YTVideoCollectionConstant.swift */; };
		5EFB6FD11B01950B00423840 /* YTVideosCollectionViewController.swift in Sources */ = {isa = PBXBuildFile; fileRef = 5EFB6FC41B01950B00423840 /* YTVideosCollectionViewController.swift */; };
		5EFB6FD61B01956200423840 /* LoadingViewController.swift in Sources */ = {isa = PBXBuildFile; fileRef = 5EFB6FD31B01956200423840 /* LoadingViewController.swift */; };
		5EFB6FD71B01956200423840 /* PublicConstant.swift in Sources */ = {isa = PBXBuildFile; fileRef = 5EFB6FD41B01956200423840 /* PublicConstant.swift */; };
		5EFB6FD81B01956200423840 /* RequestFailureViewController.swift in Sources */ = {isa = PBXBuildFile; fileRef = 5EFB6FD51B01956200423840 /* RequestFailureViewController.swift */; };
		ADD86E401BDEF01116544B69 /* libPods-app.a in Frameworks */ = {isa = PBXBuildFile; fileRef = 0567AF415F4D5FE88421BB37 /* libPods-app.a */; };
/* End PBXBuildFile section */

/* Begin PBXContainerItemProxy section */
		5E6CCBF51B0192920040ACE7 /* PBXContainerItemProxy */ = {
			isa = PBXContainerItemProxy;
			containerPortal = 5E6CCBD71B0192920040ACE7 /* Project object */;
			proxyType = 1;
			remoteGlobalIDString = 5E6CCBDE1B0192920040ACE7;
			remoteInfo = app;
		};
/* End PBXContainerItemProxy section */

/* Begin PBXFileReference section */
		0567AF415F4D5FE88421BB37 /* libPods-app.a */ = {isa = PBXFileReference; explicitFileType = archive.ar; includeInIndex = 0; path = "libPods-app.a"; sourceTree = BUILT_PRODUCTS_DIR; };
		5E38189D1B022086009C32B4 /* Cent.framework */ = {isa = PBXFileReference; lastKnownFileType = wrapper.framework; name = Cent.framework; path = Carthage/Cent.framework; sourceTree = "<group>"; };
		5E38189E1B022086009C32B4 /* Dollar.framework */ = {isa = PBXFileReference; lastKnownFileType = wrapper.framework; name = Dollar.framework; path = Carthage/Dollar.framework; sourceTree = "<group>"; };
		5E46504A1B01F2C9009F908C /* VideoWatchTableModel.swift */ = {isa = PBXFileReference; fileEncoding = 4; lastKnownFileType = sourcecode.swift; path = VideoWatchTableModel.swift; sourceTree = "<group>"; };
		5E5771691B0479D4005B4A89 /* UIImageViewExtensions.swift */ = {isa = PBXFileReference; fileEncoding = 4; lastKnownFileType = sourcecode.swift; name = UIImageViewExtensions.swift; path = UIKit/UIImageViewExtensions.swift; sourceTree = "<group>"; };
		5E6CCBDF1B0192920040ACE7 /* app.app */ = {isa = PBXFileReference; explicitFileType = wrapper.application; includeInIndex = 0; path = app.app; sourceTree = BUILT_PRODUCTS_DIR; };
		5E6CCBE31B0192920040ACE7 /* Info.plist */ = {isa = PBXFileReference; lastKnownFileType = text.plist.xml; path = Info.plist; sourceTree = "<group>"; };
		5E6CCBE41B0192920040ACE7 /* AppDelegate.swift */ = {isa = PBXFileReference; lastKnownFileType = sourcecode.swift; path = AppDelegate.swift; sourceTree = "<group>"; };
		5E6CCBE61B0192920040ACE7 /* ViewController.swift */ = {isa = PBXFileReference; lastKnownFileType = sourcecode.swift; path = ViewController.swift; sourceTree = "<group>"; };
		5E6CCBE91B0192920040ACE7 /* Base */ = {isa = PBXFileReference; lastKnownFileType = file.storyboard; name = Base; path = Base.lproj/Main.storyboard; sourceTree = "<group>"; };
		5E6CCBEB1B0192920040ACE7 /* Images.xcassets */ = {isa = PBXFileReference; lastKnownFileType = folder.assetcatalog; path = Images.xcassets; sourceTree = "<group>"; };
		5E6CCBEE1B0192920040ACE7 /* Base */ = {isa = PBXFileReference; lastKnownFileType = file.xib; name = Base; path = Base.lproj/LaunchScreen.xib; sourceTree = "<group>"; };
		5E6CCBF41B0192920040ACE7 /* appTests.xctest */ = {isa = PBXFileReference; explicitFileType = wrapper.cfbundle; includeInIndex = 0; path = appTests.xctest; sourceTree = BUILT_PRODUCTS_DIR; };
		5E6CCBF91B0192920040ACE7 /* Info.plist */ = {isa = PBXFileReference; lastKnownFileType = text.plist.xml; path = Info.plist; sourceTree = "<group>"; };
		5E6CCBFA1B0192920040ACE7 /* appTests.swift */ = {isa = PBXFileReference; lastKnownFileType = sourcecode.swift; path = appTests.swift; sourceTree = "<group>"; };
		5EA7D0F21B02E571005B4E16 /* UIColorExtensions.swift */ = {isa = PBXFileReference; fileEncoding = 4; lastKnownFileType = sourcecode.swift; name = UIColorExtensions.swift; path = UIKit/UIColorExtensions.swift; sourceTree = "<group>"; };
		5EA7D0F31B02E571005B4E16 /* UIConstants.swift */ = {isa = PBXFileReference; fileEncoding = 4; lastKnownFileType = sourcecode.swift; name = UIConstants.swift; path = UIKit/UIConstants.swift; sourceTree = "<group>"; };
		5EA7D0F41B02E571005B4E16 /* UIControlExtensions.swift */ = {isa = PBXFileReference; fileEncoding = 4; lastKnownFileType = sourcecode.swift; name = UIControlExtensions.swift; path = UIKit/UIControlExtensions.swift; sourceTree = "<group>"; };
		5EA7D0F51B02E571005B4E16 /* UITableViewExtensions.swift */ = {isa = PBXFileReference; fileEncoding = 4; lastKnownFileType = sourcecode.swift; name = UITableViewExtensions.swift; path = UIKit/UITableViewExtensions.swift; sourceTree = "<group>"; };
		5EA7D0F61B02E571005B4E16 /* UIViewExtentsions.swift */ = {isa = PBXFileReference; fileEncoding = 4; lastKnownFileType = sourcecode.swift; name = UIViewExtentsions.swift; path = UIKit/UIViewExtentsions.swift; sourceTree = "<group>"; };
		5EA7D0FC1B02E6D7005B4E16 /* UIViewControllerExtensions.swift */ = {isa = PBXFileReference; fileEncoding = 4; lastKnownFileType = sourcecode.swift; name = UIViewControllerExtensions.swift; path = UIKit/UIViewControllerExtensions.swift; sourceTree = "<group>"; };
		5ECBA9651B0380EE005420C4 /* Base */ = {isa = PBXFileReference; lastKnownFileType = file.storyboard; name = Base; path = Base.lproj/Autolayout.storyboard; sourceTree = "<group>"; };
		5EF002EC1B019A54002D2A93 /* Base */ = {isa = PBXFileReference; lastKnownFileType = file.storyboard; name = Base; path = Base.lproj/Public.storyboard; sourceTree = "<group>"; };
		5EF002EE1B019A54002D2A93 /* Base */ = {isa = PBXFileReference; lastKnownFileType = file.storyboard; name = Base; path = Base.lproj/ReusedViewControllers.storyboard; sourceTree = "<group>"; };
		5EF002F01B019A54002D2A93 /* Base */ = {isa = PBXFileReference; lastKnownFileType = file.storyboard; name = Base; path = Base.lproj/VideoWatchStoryboard.storyboard; sourceTree = "<group>"; };
		5EF002F41B019B74002D2A93 /* app-Bridging-Header.h */ = {isa = PBXFileReference; fileEncoding = 4; lastKnownFileType = sourcecode.c.h; path = "app-Bridging-Header.h"; sourceTree = "<group>"; };
		5EFB6ED11B0193E700423840 /* SwiftyUserDefaults.swift */ = {isa = PBXFileReference; fileEncoding = 4; lastKnownFileType = sourcecode.swift; path = SwiftyUserDefaults.swift; sourceTree = "<group>"; };
		5EFB6ED31B0193E700423840 /* Tools.swift */ = {isa = PBXFileReference; fileEncoding = 4; lastKnownFileType = sourcecode.swift; path = Tools.swift; sourceTree = "<group>"; };
		5EFB6ED51B0193E700423840 /* AppColorScheme.swift */ = {isa = PBXFileReference; fileEncoding = 4; lastKnownFileType = sourcecode.swift; path = AppColorScheme.swift; sourceTree = "<group>"; };
		5EFB6ED61B0193E700423840 /* LayoutUtils.swift */ = {isa = PBXFileReference; fileEncoding = 4; lastKnownFileType = sourcecode.swift; path = LayoutUtils.swift; sourceTree = "<group>"; };
		5EFB6ED91B0193E700423840 /* AuthoredFetcher.swift */ = {isa = PBXFileReference; fileEncoding = 4; lastKnownFileType = sourcecode.swift; path = AuthoredFetcher.swift; sourceTree = "<group>"; };
		5EFB6EDB1B0193E700423840 /* YoutubeBatchableConstant.swift */ = {isa = PBXFileReference; fileEncoding = 4; lastKnownFileType = sourcecode.swift; path = YoutubeBatchableConstant.swift; sourceTree = "<group>"; };
		5EFB6EDC1B0193E700423840 /* YoutubeRetrievingActivityListItemsFetcher.swift */ = {isa = PBXFileReference; fileEncoding = 4; lastKnownFileType = sourcecode.swift; path = YoutubeRetrievingActivityListItemsFetcher.swift; sourceTree = "<group>"; };
		5EFB6EDD1B0193E700423840 /* YoutubeRetrievingActivityListItemsFetcherHelper.swift */ = {isa = PBXFileReference; fileEncoding = 4; lastKnownFileType = sourcecode.swift; path = YoutubeRetrievingActivityListItemsFetcherHelper.swift; sourceTree = "<group>"; };
		5EFB6EDE1B0193E700423840 /* YoutubeRetrievingGTLActivityListItemsFetcher.swift */ = {isa = PBXFileReference; fileEncoding = 4; lastKnownFileType = sourcecode.swift; path = YoutubeRetrievingGTLActivityListItemsFetcher.swift; sourceTree = "<group>"; };
		5EFB6EDF1B0193E700423840 /* YoutubeRetrievingGTLActivityListItemsFetcherHelper.swift */ = {isa = PBXFileReference; fileEncoding = 4; lastKnownFileType = sourcecode.swift; path = YoutubeRetrievingGTLActivityListItemsFetcherHelper.swift; sourceTree = "<group>"; };
		5EFB6EE01B0193E700423840 /* YoutubeRetrievingNewSubscriptionVideosFetcher.swift */ = {isa = PBXFileReference; fileEncoding = 4; lastKnownFileType = sourcecode.swift; path = YoutubeRetrievingNewSubscriptionVideosFetcher.swift; sourceTree = "<group>"; };
		5EFB6EE11B0193E700423840 /* YoutubeRetrievingNewSubscriptionVideosFetcherHelper.swift */ = {isa = PBXFileReference; fileEncoding = 4; lastKnownFileType = sourcecode.swift; path = YoutubeRetrievingNewSubscriptionVideosFetcherHelper.swift; sourceTree = "<group>"; };
		5EFB6EE21B0193E700423840 /* YoutubeRetrievingPlayListItemsFetcher.swift */ = {isa = PBXFileReference; fileEncoding = 4; lastKnownFileType = sourcecode.swift; path = YoutubeRetrievingPlayListItemsFetcher.swift; sourceTree = "<group>"; };
		5EFB6EE31B0193E700423840 /* YoutubeRetrievingPlayListItemsFetcherHelper.swift */ = {isa = PBXFileReference; fileEncoding = 4; lastKnownFileType = sourcecode.swift; path = YoutubeRetrievingPlayListItemsFetcherHelper.swift; sourceTree = "<group>"; };
		5EFB6EE51B0193E700423840 /* YoutubeDataFetcher.swift */ = {isa = PBXFileReference; fileEncoding = 4; lastKnownFileType = sourcecode.swift; path = YoutubeDataFetcher.swift; sourceTree = "<group>"; };
		5EFB6EE61B0193E700423840 /* YouTubeExtractorUtils.swift */ = {isa = PBXFileReference; fileEncoding = 4; lastKnownFileType = sourcecode.swift; path = YouTubeExtractorUtils.swift; sourceTree = "<group>"; };
		5EFB6EE81B0193E700423840 /* LoggedUserChannelInfo.swift */ = {isa = PBXFileReference; fileEncoding = 4; lastKnownFileType = sourcecode.swift; path = LoggedUserChannelInfo.swift; sourceTree = "<group>"; };
		5EFB6EE91B0193E700423840 /* YoutubeApiConstant.swift */ = {isa = PBXFileReference; fileEncoding = 4; lastKnownFileType = sourcecode.swift; path = YoutubeApiConstant.swift; sourceTree = "<group>"; };
		5EFB6EEA1B0193E700423840 /* YoutubeUserProfile.swift */ = {isa = PBXFileReference; fileEncoding = 4; lastKnownFileType = sourcecode.swift; path = YoutubeUserProfile.swift; sourceTree = "<group>"; };
		5EFB6EEB1B0193E700423840 /* YTYoutubeRequestInfo.swift */ = {isa = PBXFileReference; fileEncoding = 4; lastKnownFileType = sourcecode.swift; path = YTYoutubeRequestInfo.swift; sourceTree = "<group>"; };
		5EFB6EED1B0193E700423840 /* NSDateExtensions.swift */ = {isa = PBXFileReference; fileEncoding = 4; lastKnownFileType = sourcecode.swift; path = NSDateExtensions.swift; sourceTree = "<group>"; };
		5EFB6EEE1B0193E700423840 /* YoutubeModelParser.swift */ = {isa = PBXFileReference; fileEncoding = 4; lastKnownFileType = sourcecode.swift; path = YoutubeModelParser.swift; sourceTree = "<group>"; };
		5EFB6EEF1B0193E700423840 /* YoutubeFetcher.swift */ = {isa = PBXFileReference; fileEncoding = 4; lastKnownFileType = sourcecode.swift; path = YoutubeFetcher.swift; sourceTree = "<group>"; };
		5EFB6EF01B0193E700423840 /* YoutubeFetcherConstant.swift */ = {isa = PBXFileReference; fileEncoding = 4; lastKnownFileType = sourcecode.swift; path = YoutubeFetcherConstant.swift; sourceTree = "<group>"; };
		5EFB6F0D1B01942B00423840 /* Cartography.framework */ = {isa = PBXFileReference; lastKnownFileType = wrapper.framework; name = Cartography.framework; path = Carthage/Cartography.framework; sourceTree = "<group>"; };
		5EFB6F0F1B01943200423840 /* WebImage.framework */ = {isa = PBXFileReference; lastKnownFileType = wrapper.framework; name = WebImage.framework; path = Carthage/WebImage.framework; sourceTree = "<group>"; };
		5EFB6F131B01949E00423840 /* YTTabBar.swift */ = {isa = PBXFileReference; fileEncoding = 4; lastKnownFileType = sourcecode.swift; path = YTTabBar.swift; sourceTree = "<group>"; };
		5EFB6F141B01949E00423840 /* YTTabbarConstants.swift */ = {isa = PBXFileReference; fileEncoding = 4; lastKnownFileType = sourcecode.swift; path = YTTabbarConstants.swift; sourceTree = "<group>"; };
		5EFB6F151B01949E00423840 /* YTTabBarController.swift */ = {isa = PBXFileReference; fileEncoding = 4; lastKnownFileType = sourcecode.swift; path = YTTabBarController.swift; sourceTree = "<group>"; };
		5EFB6F161B01949E00423840 /* YTTabBarItemsUtils.swift */ = {isa = PBXFileReference; fileEncoding = 4; lastKnownFileType = sourcecode.swift; path = YTTabBarItemsUtils.swift; sourceTree = "<group>"; };
		5EFB6F171B01949E00423840 /* YTTabBarItemsViewController.swift */ = {isa = PBXFileReference; fileEncoding = 4; lastKnownFileType = sourcecode.swift; path = YTTabBarItemsViewController.swift; sourceTree = "<group>"; };
		5EFB6F1E1B0194A900423840 /* ChannelBannerViewController.swift */ = {isa = PBXFileReference; fileEncoding = 4; lastKnownFileType = sourcecode.swift; path = ChannelBannerViewController.swift; sourceTree = "<group>"; };
		5EFB6F1F1B0194A900423840 /* ChannelPageViewController.swift */ = {isa = PBXFileReference; fileEncoding = 4; lastKnownFileType = sourcecode.swift; path = ChannelPageViewController.swift; sourceTree = "<group>"; };
		5EFB6F201B0194A900423840 /* YoutubePageConstants.swift */ = {isa = PBXFileReference; fileEncoding = 4; lastKnownFileType = sourcecode.swift; path = YoutubePageConstants.swift; sourceTree = "<group>"; };
		5EFB6F261B0194B300423840 /* MovieEmbeddedBasedBarViewController.swift */ = {isa = PBXFileReference; fileEncoding = 4; lastKnownFileType = sourcecode.swift; path = MovieEmbeddedBasedBarViewController.swift; sourceTree = "<group>"; };
		5EFB6F271B0194B300423840 /* MovieEmbeddedNormalBarViewController.swift */ = {isa = PBXFileReference; fileEncoding = 4; lastKnownFileType = sourcecode.swift; path = MovieEmbeddedNormalBarViewController.swift; sourceTree = "<group>"; };
		5EFB6F281B0194B300423840 /* MovieEmbeddedViewController.swift */ = {isa = PBXFileReference; fileEncoding = 4; lastKnownFileType = sourcecode.swift; path = MovieEmbeddedViewController.swift; sourceTree = "<group>"; };
		5EFB6F2A1B0194B300423840 /* AVPlayerView.swift */ = {isa = PBXFileReference; fileEncoding = 4; lastKnownFileType = sourcecode.swift; path = AVPlayerView.swift; sourceTree = "<group>"; };
		5EFB6F2B1B0194B300423840 /* CMTime+Validation.swift */ = {isa = PBXFileReference; fileEncoding = 4; lastKnownFileType = sourcecode.swift; path = "CMTime+Validation.swift"; sourceTree = "<group>"; };
		5EFB6F2C1B0194B300423840 /* MoviePlayerViewHelper.swift */ = {isa = PBXFileReference; fileEncoding = 4; lastKnownFileType = sourcecode.swift; path = MoviePlayerViewHelper.swift; sourceTree = "<group>"; };
		5EFB6F2D1B0194B300423840 /* PeriodicTimeProtocol.swift */ = {isa = PBXFileReference; fileEncoding = 4; lastKnownFileType = sourcecode.swift; path = PeriodicTimeProtocol.swift; sourceTree = "<group>"; };
		5EFB6F2E1B0194B300423840 /* YTPlayerSubtitling.swift */ = {isa = PBXFileReference; fileEncoding = 4; lastKnownFileType = sourcecode.swift; path = YTPlayerSubtitling.swift; sourceTree = "<group>"; };
		5EFB6F2F1B0194B300423840 /* VideoWatchProtocol.swift */ = {isa = PBXFileReference; fileEncoding = 4; lastKnownFileType = sourcecode.swift; path = VideoWatchProtocol.swift; sourceTree = "<group>"; };
		5EFB6F301B0194B300423840 /* WatchViewConstant.swift */ = {isa = PBXFileReference; fileEncoding = 4; lastKnownFileType = sourcecode.swift; path = WatchViewConstant.swift; sourceTree = "<group>"; };
		5EFB6F311B0194B300423840 /* YTVideoWatchViewController.swift */ = {isa = PBXFileReference; fileEncoding = 4; lastKnownFileType = sourcecode.swift; path = YTVideoWatchViewController.swift; sourceTree = "<group>"; };
		5EFB6F3F1B0194D800423840 /* MenuCollapseTableCell.swift */ = {isa = PBXFileReference; fileEncoding = 4; lastKnownFileType = sourcecode.swift; path = MenuCollapseTableCell.swift; sourceTree = "<group>"; };
		5EFB6F411B0194D800423840 /* MenuSectionHeaderView.swift */ = {isa = PBXFileReference; fileEncoding = 4; lastKnownFileType = sourcecode.swift; path = MenuSectionHeaderView.swift; sourceTree = "<group>"; };
		5EFB6F421B0194D800423840 /* MenuTableLoggedHeaderView.swift */ = {isa = PBXFileReference; fileEncoding = 4; lastKnownFileType = sourcecode.swift; path = MenuTableLoggedHeaderView.swift; sourceTree = "<group>"; };
		5EFB6F431B0194D800423840 /* MenuTableSignInHeaderView.swift */ = {isa = PBXFileReference; fileEncoding = 4; lastKnownFileType = sourcecode.swift; path = MenuTableSignInHeaderView.swift; sourceTree = "<group>"; };
		5EFB6F441B0194D800423840 /* TableCellProtocols.swift */ = {isa = PBXFileReference; fileEncoding = 4; lastKnownFileType = sourcecode.swift; path = TableCellProtocols.swift; sourceTree = "<group>"; };
		5EFB6F4F1B0194DF00423840 /* LeftMenuConstant.swift */ = {isa = PBXFileReference; fileEncoding = 4; lastKnownFileType = sourcecode.swift; path = LeftMenuConstant.swift; sourceTree = "<group>"; };
		5EFB6F501B0194DF00423840 /* LeftMenuSectionsUtils.swift */ = {isa = PBXFileReference; fileEncoding = 4; lastKnownFileType = sourcecode.swift; path = LeftMenuSectionsUtils.swift; sourceTree = "<group>"; };
		5EFB6F511B0194DF00423840 /* LeftMenuViewController.swift */ = {isa = PBXFileReference; fileEncoding = 4; lastKnownFileType = sourcecode.swift; path = LeftMenuViewController.swift; sourceTree = "<group>"; };
		5EFB6F531B0194DF00423840 /* MenuLoggedTitleBarCell.swift */ = {isa = PBXFileReference; fileEncoding = 4; lastKnownFileType = sourcecode.swift; path = MenuLoggedTitleBarCell.swift; sourceTree = "<group>"; };
		5EFB6F541B0194DF00423840 /* MenuLoginTitleBarCell.swift */ = {isa = PBXFileReference; fileEncoding = 4; lastKnownFileType = sourcecode.swift; path = MenuLoginTitleBarCell.swift; sourceTree = "<group>"; };
		5EFB6F551B0194DF00423840 /* MenuTitleBarBaseCellObject.swift */ = {isa = PBXFileReference; fileEncoding = 4; lastKnownFileType = sourcecode.swift; path = MenuTitleBarBaseCellObject.swift; sourceTree = "<group>"; };
		5EFB6F561B0194DF00423840 /* YTMenuRemoteRowCellObject.swift */ = {isa = PBXFileReference; fileEncoding = 4; lastKnownFileType = sourcecode.swift; path = YTMenuRemoteRowCellObject.swift; sourceTree = "<group>"; };
		5EFB6F571B0194DF00423840 /* YTMenuRowCellObject.swift */ = {isa = PBXFileReference; fileEncoding = 4; lastKnownFileType = sourcecode.swift; path = YTMenuRowCellObject.swift; sourceTree = "<group>"; };
		5EFB6F581B0194DF00423840 /* YTSectionTitleCellObject.swift */ = {isa = PBXFileReference; fileEncoding = 4; lastKnownFileType = sourcecode.swift; path = YTSectionTitleCellObject.swift; sourceTree = "<group>"; };
		5EFB6F591B0194DF00423840 /* NBMenuSectionGenerator.swift */ = {isa = PBXFileReference; fileEncoding = 4; lastKnownFileType = sourcecode.swift; path = NBMenuSectionGenerator.swift; sourceTree = "<group>"; };
		5EFB6F5A1B0194DF00423840 /* NBMenuTableViewController.swift */ = {isa = PBXFileReference; fileEncoding = 4; lastKnownFileType = sourcecode.swift; path = NBMenuTableViewController.swift; sourceTree = "<group>"; };
		5EFB6F5C1B0194DF00423840 /* FrontBaseViewController.swift */ = {isa = PBXFileReference; fileEncoding = 4; lastKnownFileType = sourcecode.swift; path = FrontBaseViewController.swift; sourceTree = "<group>"; };
		5EFB6F5D1B0194DF00423840 /* SubscriptionsViewController.swift */ = {isa = PBXFileReference; fileEncoding = 4; lastKnownFileType = sourcecode.swift; path = SubscriptionsViewController.swift; sourceTree = "<group>"; };
		5EFB6F5F1B0194DF00423840 /* RevealViewHelper.swift */ = {isa = PBXFileReference; fileEncoding = 4; lastKnownFileType = sourcecode.swift; path = RevealViewHelper.swift; sourceTree = "<group>"; };
		5EFB6F751B0194F300423840 /* AutoCompletePopoverController.swift */ = {isa = PBXFileReference; fileEncoding = 4; lastKnownFileType = sourcecode.swift; path = AutoCompletePopoverController.swift; sourceTree = "<group>"; };
		5EFB6F771B0194F300423840 /* PopoverTableViewController.swift */ = {isa = PBXFileReference; fileEncoding = 4; lastKnownFileType = sourcecode.swift; path = PopoverTableViewController.swift; sourceTree = "<group>"; };
		5EFB6F791B0194F300423840 /* AutoCompletePopoverEvent.swift */ = {isa = PBXFileReference; fileEncoding = 4; lastKnownFileType = sourcecode.swift; path = AutoCompletePopoverEvent.swift; sourceTree = "<group>"; };
		5EFB6F7B1B0194F300423840 /* AutoCompletePopoverSearchBar.swift */ = {isa = PBXFileReference; fileEncoding = 4; lastKnownFileType = sourcecode.swift; path = AutoCompletePopoverSearchBar.swift; sourceTree = "<group>"; };
		5EFB6F7C1B0194F300423840 /* PopoverProtocol.swift */ = {isa = PBXFileReference; fileEncoding = 4; lastKnownFileType = sourcecode.swift; path = PopoverProtocol.swift; sourceTree = "<group>"; };
		5EFB6F831B0194FA00423840 /* DetailPageTableUtils.swift */ = {isa = PBXFileReference; fileEncoding = 4; lastKnownFileType = sourcecode.swift; path = DetailPageTableUtils.swift; sourceTree = "<group>"; };
		5EFB6F841B0194FA00423840 /* DetailPageTableViewController.swift */ = {isa = PBXFileReference; fileEncoding = 4; lastKnownFileType = sourcecode.swift; path = DetailPageTableViewController.swift; sourceTree = "<group>"; };
		5EFB6F861B0194FA00423840 /* VideoInfoObject.swift */ = {isa = PBXFileReference; fileEncoding = 4; lastKnownFileType = sourcecode.swift; path = VideoInfoObject.swift; sourceTree = "<group>"; };
		5EFB6F8A1B0194FA00423840 /* ChannelInfoTableViewCell.swift */ = {isa = PBXFileReference; fileEncoding = 4; lastKnownFileType = sourcecode.swift; path = ChannelInfoTableViewCell.swift; sourceTree = "<group>"; };
		5EFB6F8B1B0194FA00423840 /* HeaderTableViewCell.swift */ = {isa = PBXFileReference; fileEncoding = 4; lastKnownFileType = sourcecode.swift; path = HeaderTableViewCell.swift; sourceTree = "<group>"; };
		5EFB6F8C1B0194FA00423840 /* SuggestionVideoInfoTableViewCell.swift */ = {isa = PBXFileReference; fileEncoding = 4; lastKnownFileType = sourcecode.swift; path = SuggestionVideoInfoTableViewCell.swift; sourceTree = "<group>"; };
		5EFB6F8D1B0194FA00423840 /* VideoDescriptionTableViewCell.swift */ = {isa = PBXFileReference; fileEncoding = 4; lastKnownFileType = sourcecode.swift; path = VideoDescriptionTableViewCell.swift; sourceTree = "<group>"; };
		5EFB6F8E1B0194FA00423840 /* VideoInfoTableViewCell.swift */ = {isa = PBXFileReference; fileEncoding = 4; lastKnownFileType = sourcecode.swift; path = VideoInfoTableViewCell.swift; sourceTree = "<group>"; };
		5EFB6F8F1B0194FA00423840 /* VideoStatisticTableViewCell.swift */ = {isa = PBXFileReference; fileEncoding = 4; lastKnownFileType = sourcecode.swift; path = VideoStatisticTableViewCell.swift; sourceTree = "<group>"; };
		5EFB6F901B0194FA00423840 /* VideoInfoConstant.swift */ = {isa = PBXFileReference; fileEncoding = 4; lastKnownFileType = sourcecode.swift; path = VideoInfoConstant.swift; sourceTree = "<group>"; };
		5EFB6FA11B01950100423840 /* NSDateISO8601.swift */ = {isa = PBXFileReference; fileEncoding = 4; lastKnownFileType = sourcecode.swift; path = NSDateISO8601.swift; sourceTree = "<group>"; };
		5EFB6FA31B01950100423840 /* String+Trim.swift */ = {isa = PBXFileReference; fileEncoding = 4; lastKnownFileType = sourcecode.swift; path = "String+Trim.swift"; sourceTree = "<group>"; };
		5EFB6FA51B01950100423840 /* Path.swift */ = {isa = PBXFileReference; fileEncoding = 4; lastKnownFileType = sourcecode.swift; path = Path.swift; sourceTree = "<group>"; };
		5EFB6FA61B01950100423840 /* PathExtensionDir.swift */ = {isa = PBXFileReference; fileEncoding = 4; lastKnownFileType = sourcecode.swift; path = PathExtensionDir.swift; sourceTree = "<group>"; };
		5EFB6FA71B01950100423840 /* PathExtensionFile.swift */ = {isa = PBXFileReference; fileEncoding = 4; lastKnownFileType = sourcecode.swift; path = PathExtensionFile.swift; sourceTree = "<group>"; };
		5EFB6FA81B01950100423840 /* Result.swift */ = {isa = PBXFileReference; fileEncoding = 4; lastKnownFileType = sourcecode.swift; path = Result.swift; sourceTree = "<group>"; };
		5EFB6FAA1B01950100423840 /* UIColorExtension.swift */ = {isa = PBXFileReference; fileEncoding = 4; lastKnownFileType = sourcecode.swift; path = UIColorExtension.swift; sourceTree = "<group>"; };
		5EFB6FB91B01950B00423840 /* FetchEventProtocol.swift */ = {isa = PBXFileReference; fileEncoding = 4; lastKnownFileType = sourcecode.swift; path = FetchEventProtocol.swift; sourceTree = "<group>"; };
		5EFB6FBA1B01950B00423840 /* RetrievingNewestVideoIdsTask.swift */ = {isa = PBXFileReference; fileEncoding = 4; lastKnownFileType = sourcecode.swift; path = RetrievingNewestVideoIdsTask.swift; sourceTree = "<group>"; };
		5EFB6FBB1B01950B00423840 /* SearchTask.swift */ = {isa = PBXFileReference; fileEncoding = 4; lastKnownFileType = sourcecode.swift; path = SearchTask.swift; sourceTree = "<group>"; };
		5EFB6FBC1B01950B00423840 /* SuggestionVideoListTask.swift */ = {isa = PBXFileReference; fileEncoding = 4; lastKnownFileType = sourcecode.swift; path = SuggestionVideoListTask.swift; sourceTree = "<group>"; };
		5EFB6FBD1B01950B00423840 /* NBCollectionSectionGenerator.swift */ = {isa = PBXFileReference; fileEncoding = 4; lastKnownFileType = sourcecode.swift; path = NBCollectionSectionGenerator.swift; sourceTree = "<group>"; };
		5EFB6FC11B01950B00423840 /* VideoCollectionViewCellLayout.swift */ = {isa = PBXFileReference; fileEncoding = 4; lastKnownFileType = sourcecode.swift; path = VideoCollectionViewCellLayout.swift; sourceTree = "<group>"; };
		5EFB6FC21B01950B00423840 /* YTVideoCollectionViewCell.swift */ = {isa = PBXFileReference; fileEncoding = 4; lastKnownFileType = sourcecode.swift; path = YTVideoCollectionViewCell.swift; sourceTree = "<group>"; };
		5EFB6FC31B01950B00423840 /* YTVideoCollectionConstant.swift */ = {isa = PBXFileReference; fileEncoding = 4; lastKnownFileType = sourcecode.swift; path = YTVideoCollectionConstant.swift; sourceTree = "<group>"; };
		5EFB6FC41B01950B00423840 /* YTVideosCollectionViewController.swift */ = {isa = PBXFileReference; fileEncoding = 4; lastKnownFileType = sourcecode.swift; path = YTVideosCollectionViewController.swift; sourceTree = "<group>"; };
		5EFB6FD31B01956200423840 /* LoadingViewController.swift */ = {isa = PBXFileReference; fileEncoding = 4; lastKnownFileType = sourcecode.swift; path = LoadingViewController.swift; sourceTree = "<group>"; };
		5EFB6FD41B01956200423840 /* PublicConstant.swift */ = {isa = PBXFileReference; fileEncoding = 4; lastKnownFileType = sourcecode.swift; path = PublicConstant.swift; sourceTree = "<group>"; };
		5EFB6FD51B01956200423840 /* RequestFailureViewController.swift */ = {isa = PBXFileReference; fileEncoding = 4; lastKnownFileType = sourcecode.swift; path = RequestFailureViewController.swift; sourceTree = "<group>"; };
		A18ED53B24C22E07F668BB06 /* Pods-app.debug.xcconfig */ = {isa = PBXFileReference; includeInIndex = 1; lastKnownFileType = text.xcconfig; name = "Pods-app.debug.xcconfig"; path = "Pods/Target Support Files/Pods-app/Pods-app.debug.xcconfig"; sourceTree = "<group>"; };
		C1A581CB1FD933B7CD6CF5D0 /* Pods-app.release.xcconfig */ = {isa = PBXFileReference; includeInIndex = 1; lastKnownFileType = text.xcconfig; name = "Pods-app.release.xcconfig"; path = "Pods/Target Support Files/Pods-app/Pods-app.release.xcconfig"; sourceTree = "<group>"; };
/* End PBXFileReference section */

/* Begin PBXFrameworksBuildPhase section */
		5E6CCBDC1B0192920040ACE7 /* Frameworks */ = {
			isa = PBXFrameworksBuildPhase;
			buildActionMask = 2147483647;
			files = (
				ADD86E401BDEF01116544B69 /* libPods-app.a in Frameworks */,
				5EFB6F0E1B01942B00423840 /* Cartography.framework in Frameworks */,
				5E38189F1B022086009C32B4 /* Cent.framework in Frameworks */,
				5E3818A01B022086009C32B4 /* Dollar.framework in Frameworks */,
				5EFB6F101B01943200423840 /* WebImage.framework in Frameworks */,
			);
			runOnlyForDeploymentPostprocessing = 0;
		};
		5E6CCBF11B0192920040ACE7 /* Frameworks */ = {
			isa = PBXFrameworksBuildPhase;
			buildActionMask = 2147483647;
			files = (
			);
			runOnlyForDeploymentPostprocessing = 0;
		};
/* End PBXFrameworksBuildPhase section */

/* Begin PBXGroup section */
		5E6CCBD61B0192920040ACE7 = {
			isa = PBXGroup;
			children = (
				5E6CCBE11B0192920040ACE7 /* app */,
				5E6CCBF71B0192920040ACE7 /* appTests */,
				5E6CCBE01B0192920040ACE7 /* Products */,
				C767BD5BC6D179F2C558525C /* Pods */,
				A4A5D8BDED1C2E5904FD2AC6 /* Frameworks */,
			);
			sourceTree = "<group>";
		};
		5E6CCBE01B0192920040ACE7 /* Products */ = {
			isa = PBXGroup;
			children = (
				5E6CCBDF1B0192920040ACE7 /* app.app */,
				5E6CCBF41B0192920040ACE7 /* appTests.xctest */,
			);
			name = Products;
			sourceTree = "<group>";
		};
		5E6CCBE11B0192920040ACE7 /* app */ = {
			isa = PBXGroup;
			children = (
				5EFB6FD21B01956200423840 /* Public */,
				5EFB6FB21B01950B00423840 /* CollectionView */,
				5EFB6F9F1B01950100423840 /* Common */,
				5EFB6F821B0194FA00423840 /* DetailPage */,
				5EFB6F741B0194F300423840 /* Popover */,
				5EFB6F4B1B0194DF00423840 /* RevealViewControllers */,
				5EFB6F3D1B0194D800423840 /* TableViewController */,
				5EFB6F241B0194B300423840 /* WatchView */,
				5EFB6F1D1B0194A900423840 /* YoutubePage */,
				5EFB6F121B01949E00423840 /* YTTabbar */,
				5EFB6EC71B0193E700423840 /* Business-Logic-Layer */,
				5E6CCBE41B0192920040ACE7 /* AppDelegate.swift */,
				5E6CCBE61B0192920040ACE7 /* ViewController.swift */,
				5E6CCBE81B0192920040ACE7 /* Main.storyboard */,
				5ECBA9641B0380EE005420C4 /* Autolayout.storyboard */,
				5EF002EB1B019A54002D2A93 /* Public.storyboard */,
				5EF002ED1B019A54002D2A93 /* ReusedViewControllers.storyboard */,
				5EF002EF1B019A54002D2A93 /* VideoWatchStoryboard.storyboard */,
				5E6CCBEB1B0192920040ACE7 /* Images.xcassets */,
				5E6CCBED1B0192920040ACE7 /* LaunchScreen.xib */,
				5E6CCBE21B0192920040ACE7 /* Supporting Files */,
			);
			path = app;
			sourceTree = "<group>";
		};
		5E6CCBE21B0192920040ACE7 /* Supporting Files */ = {
			isa = PBXGroup;
			children = (
				5EF002F41B019B74002D2A93 /* app-Bridging-Header.h */,
				5E6CCBE31B0192920040ACE7 /* Info.plist */,
			);
			name = "Supporting Files";
			sourceTree = "<group>";
		};
		5E6CCBF71B0192920040ACE7 /* appTests */ = {
			isa = PBXGroup;
			children = (
				5E6CCBFA1B0192920040ACE7 /* appTests.swift */,
				5E6CCBF81B0192920040ACE7 /* Supporting Files */,
			);
			path = appTests;
			sourceTree = "<group>";
		};
		5E6CCBF81B0192920040ACE7 /* Supporting Files */ = {
			isa = PBXGroup;
			children = (
				5E6CCBF91B0192920040ACE7 /* Info.plist */,
			);
			name = "Supporting Files";
			sourceTree = "<group>";
		};
		5EA7D0EF1B02E3AF005B4E16 /* UIKit */ = {
			isa = PBXGroup;
			children = (
				5E5771691B0479D4005B4A89 /* UIImageViewExtensions.swift */,
				5EA7D0FC1B02E6D7005B4E16 /* UIViewControllerExtensions.swift */,
				5EA7D0F21B02E571005B4E16 /* UIColorExtensions.swift */,
				5EA7D0F31B02E571005B4E16 /* UIConstants.swift */,
				5EA7D0F41B02E571005B4E16 /* UIControlExtensions.swift */,
				5EA7D0F51B02E571005B4E16 /* UITableViewExtensions.swift */,
				5EA7D0F61B02E571005B4E16 /* UIViewExtentsions.swift */,
			);
			name = UIKit;
			sourceTree = "<group>";
		};
		5EFB6EC71B0193E700423840 /* Business-Logic-Layer */ = {
			isa = PBXGroup;
			children = (
				5EA7D0EF1B02E3AF005B4E16 /* UIKit */,
				5EFB6ED01B0193E700423840 /* SwiftyUserDefaults */,
				5EFB6ED21B0193E700423840 /* Tools */,
				5EFB6ED41B0193E700423840 /* Utils */,
				5EFB6ED71B0193E700423840 /* youtubeapi */,
			);
			path = "Business-Logic-Layer";
			sourceTree = "<group>";
		};
		5EFB6ED01B0193E700423840 /* SwiftyUserDefaults */ = {
			isa = PBXGroup;
			children = (
				5EFB6ED11B0193E700423840 /* SwiftyUserDefaults.swift */,
			);
			path = SwiftyUserDefaults;
			sourceTree = "<group>";
		};
		5EFB6ED21B0193E700423840 /* Tools */ = {
			isa = PBXGroup;
			children = (
				5EFB6ED31B0193E700423840 /* Tools.swift */,
			);
			path = Tools;
			sourceTree = "<group>";
		};
		5EFB6ED41B0193E700423840 /* Utils */ = {
			isa = PBXGroup;
			children = (
				5EFB6ED51B0193E700423840 /* AppColorScheme.swift */,
				5EFB6ED61B0193E700423840 /* LayoutUtils.swift */,
			);
			path = Utils;
			sourceTree = "<group>";
		};
		5EFB6ED71B0193E700423840 /* youtubeapi */ = {
			isa = PBXGroup;
			children = (
				5EFB6ED81B0193E700423840 /* AuthoredFetcher */,
				5EFB6EDA1B0193E700423840 /* batchable */,
				5EFB6EE41B0193E700423840 /* DataFetcher */,
				5EFB6EE71B0193E700423840 /* models */,
				5EFB6EEC1B0193E700423840 /* Tools */,
				5EFB6EEF1B0193E700423840 /* YoutubeFetcher.swift */,
				5EFB6EF01B0193E700423840 /* YoutubeFetcherConstant.swift */,
			);
			path = youtubeapi;
			sourceTree = "<group>";
		};
		5EFB6ED81B0193E700423840 /* AuthoredFetcher */ = {
			isa = PBXGroup;
			children = (
				5EFB6ED91B0193E700423840 /* AuthoredFetcher.swift */,
			);
			path = AuthoredFetcher;
			sourceTree = "<group>";
		};
		5EFB6EDA1B0193E700423840 /* batchable */ = {
			isa = PBXGroup;
			children = (
				5EFB6EDB1B0193E700423840 /* YoutubeBatchableConstant.swift */,
				5EFB6EDC1B0193E700423840 /* YoutubeRetrievingActivityListItemsFetcher.swift */,
				5EFB6EDD1B0193E700423840 /* YoutubeRetrievingActivityListItemsFetcherHelper.swift */,
				5EFB6EDE1B0193E700423840 /* YoutubeRetrievingGTLActivityListItemsFetcher.swift */,
				5EFB6EDF1B0193E700423840 /* YoutubeRetrievingGTLActivityListItemsFetcherHelper.swift */,
				5EFB6EE01B0193E700423840 /* YoutubeRetrievingNewSubscriptionVideosFetcher.swift */,
				5EFB6EE11B0193E700423840 /* YoutubeRetrievingNewSubscriptionVideosFetcherHelper.swift */,
				5EFB6EE21B0193E700423840 /* YoutubeRetrievingPlayListItemsFetcher.swift */,
				5EFB6EE31B0193E700423840 /* YoutubeRetrievingPlayListItemsFetcherHelper.swift */,
			);
			path = batchable;
			sourceTree = "<group>";
		};
		5EFB6EE41B0193E700423840 /* DataFetcher */ = {
			isa = PBXGroup;
			children = (
				5EFB6EE51B0193E700423840 /* YoutubeDataFetcher.swift */,
				5EFB6EE61B0193E700423840 /* YouTubeExtractorUtils.swift */,
			);
			path = DataFetcher;
			sourceTree = "<group>";
		};
		5EFB6EE71B0193E700423840 /* models */ = {
			isa = PBXGroup;
			children = (
				5EFB6EE81B0193E700423840 /* LoggedUserChannelInfo.swift */,
				5EFB6EE91B0193E700423840 /* YoutubeApiConstant.swift */,
				5EFB6EEA1B0193E700423840 /* YoutubeUserProfile.swift */,
				5EFB6EEB1B0193E700423840 /* YTYoutubeRequestInfo.swift */,
			);
			path = models;
			sourceTree = "<group>";
		};
		5EFB6EEC1B0193E700423840 /* Tools */ = {
			isa = PBXGroup;
			children = (
				5EFB6EED1B0193E700423840 /* NSDateExtensions.swift */,
				5EFB6EEE1B0193E700423840 /* YoutubeModelParser.swift */,
			);
			path = Tools;
			sourceTree = "<group>";
		};
		5EFB6F121B01949E00423840 /* YTTabbar */ = {
			isa = PBXGroup;
			children = (
				5EFB6F131B01949E00423840 /* YTTabBar.swift */,
				5EFB6F141B01949E00423840 /* YTTabbarConstants.swift */,
				5EFB6F151B01949E00423840 /* YTTabBarController.swift */,
				5EFB6F161B01949E00423840 /* YTTabBarItemsUtils.swift */,
				5EFB6F171B01949E00423840 /* YTTabBarItemsViewController.swift */,
			);
			path = YTTabbar;
			sourceTree = "<group>";
		};
		5EFB6F1D1B0194A900423840 /* YoutubePage */ = {
			isa = PBXGroup;
			children = (
				5EFB6F1E1B0194A900423840 /* ChannelBannerViewController.swift */,
				5EFB6F1F1B0194A900423840 /* ChannelPageViewController.swift */,
				5EFB6F201B0194A900423840 /* YoutubePageConstants.swift */,
			);
			path = YoutubePage;
			sourceTree = "<group>";
		};
		5EFB6F241B0194B300423840 /* WatchView */ = {
			isa = PBXGroup;
			children = (
				5E46504A1B01F2C9009F908C /* VideoWatchTableModel.swift */,
				5EFB6F251B0194B300423840 /* Bars */,
				5EFB6F281B0194B300423840 /* MovieEmbeddedViewController.swift */,
				5EFB6F291B0194B300423840 /* Player */,
				5EFB6F2F1B0194B300423840 /* VideoWatchProtocol.swift */,
				5EFB6F301B0194B300423840 /* WatchViewConstant.swift */,
				5EFB6F311B0194B300423840 /* YTVideoWatchViewController.swift */,
			);
			path = WatchView;
			sourceTree = "<group>";
		};
		5EFB6F251B0194B300423840 /* Bars */ = {
			isa = PBXGroup;
			children = (
				5EFB6F261B0194B300423840 /* MovieEmbeddedBasedBarViewController.swift */,
				5EFB6F271B0194B300423840 /* MovieEmbeddedNormalBarViewController.swift */,
			);
			path = Bars;
			sourceTree = "<group>";
		};
		5EFB6F291B0194B300423840 /* Player */ = {
			isa = PBXGroup;
			children = (
				5EFB6F2A1B0194B300423840 /* AVPlayerView.swift */,
				5EFB6F2B1B0194B300423840 /* CMTime+Validation.swift */,
				5EFB6F2C1B0194B300423840 /* MoviePlayerViewHelper.swift */,
				5EFB6F2D1B0194B300423840 /* PeriodicTimeProtocol.swift */,
				5EFB6F2E1B0194B300423840 /* YTPlayerSubtitling.swift */,
			);
			path = Player;
			sourceTree = "<group>";
		};
		5EFB6F3D1B0194D800423840 /* TableViewController */ = {
			isa = PBXGroup;
			children = (
				5EFB6F3E1B0194D800423840 /* CollapseTable */,
				5EFB6F441B0194D800423840 /* TableCellProtocols.swift */,
			);
			path = TableViewController;
			sourceTree = "<group>";
		};
		5EFB6F3E1B0194D800423840 /* CollapseTable */ = {
			isa = PBXGroup;
			children = (
				5EFB6F3F1B0194D800423840 /* MenuCollapseTableCell.swift */,
				5EFB6F411B0194D800423840 /* MenuSectionHeaderView.swift */,
				5EFB6F421B0194D800423840 /* MenuTableLoggedHeaderView.swift */,
				5EFB6F431B0194D800423840 /* MenuTableSignInHeaderView.swift */,
			);
			path = CollapseTable;
			sourceTree = "<group>";
		};
		5EFB6F4B1B0194DF00423840 /* RevealViewControllers */ = {
			isa = PBXGroup;
			children = (
				5EFB6F4C1B0194DF00423840 /* leftmenu */,
				5EFB6F5B1B0194DF00423840 /* tabbars */,
				5EFB6F5E1B0194DF00423840 /* Utils */,
			);
			path = RevealViewControllers;
			sourceTree = "<group>";
		};
		5EFB6F4C1B0194DF00423840 /* leftmenu */ = {
			isa = PBXGroup;
			children = (
				5EFB6F4F1B0194DF00423840 /* LeftMenuConstant.swift */,
				5EFB6F501B0194DF00423840 /* LeftMenuSectionsUtils.swift */,
				5EFB6F511B0194DF00423840 /* LeftMenuViewController.swift */,
				5EFB6F521B0194DF00423840 /* MenuCells */,
				5EFB6F591B0194DF00423840 /* NBMenuSectionGenerator.swift */,
				5EFB6F5A1B0194DF00423840 /* NBMenuTableViewController.swift */,
			);
			path = leftmenu;
			sourceTree = "<group>";
		};
		5EFB6F521B0194DF00423840 /* MenuCells */ = {
			isa = PBXGroup;
			children = (
				5EFB6F531B0194DF00423840 /* MenuLoggedTitleBarCell.swift */,
				5EFB6F541B0194DF00423840 /* MenuLoginTitleBarCell.swift */,
				5EFB6F551B0194DF00423840 /* MenuTitleBarBaseCellObject.swift */,
				5EFB6F561B0194DF00423840 /* YTMenuRemoteRowCellObject.swift */,
				5EFB6F571B0194DF00423840 /* YTMenuRowCellObject.swift */,
				5EFB6F581B0194DF00423840 /* YTSectionTitleCellObject.swift */,
			);
			path = MenuCells;
			sourceTree = "<group>";
		};
		5EFB6F5B1B0194DF00423840 /* tabbars */ = {
			isa = PBXGroup;
			children = (
				5EFB6F5C1B0194DF00423840 /* FrontBaseViewController.swift */,
				5EFB6F5D1B0194DF00423840 /* SubscriptionsViewController.swift */,
			);
			path = tabbars;
			sourceTree = "<group>";
		};
		5EFB6F5E1B0194DF00423840 /* Utils */ = {
			isa = PBXGroup;
			children = (
				5EFB6F5F1B0194DF00423840 /* RevealViewHelper.swift */,
			);
			path = Utils;
			sourceTree = "<group>";
		};
		5EFB6F741B0194F300423840 /* Popover */ = {
			isa = PBXGroup;
			children = (
				5EFB6F751B0194F300423840 /* AutoCompletePopoverController.swift */,
				5EFB6F761B0194F300423840 /* contentviews */,
				5EFB6F781B0194F300423840 /* Events */,
				5EFB6F7A1B0194F300423840 /* items */,
				5EFB6F7C1B0194F300423840 /* PopoverProtocol.swift */,
			);
			path = Popover;
			sourceTree = "<group>";
		};
		5EFB6F761B0194F300423840 /* contentviews */ = {
			isa = PBXGroup;
			children = (
				5EFB6F771B0194F300423840 /* PopoverTableViewController.swift */,
			);
			path = contentviews;
			sourceTree = "<group>";
		};
		5EFB6F781B0194F300423840 /* Events */ = {
			isa = PBXGroup;
			children = (
				5EFB6F791B0194F300423840 /* AutoCompletePopoverEvent.swift */,
			);
			path = Events;
			sourceTree = "<group>";
		};
		5EFB6F7A1B0194F300423840 /* items */ = {
			isa = PBXGroup;
			children = (
				5EFB6F7B1B0194F300423840 /* AutoCompletePopoverSearchBar.swift */,
			);
			path = items;
			sourceTree = "<group>";
		};
		5EFB6F821B0194FA00423840 /* DetailPage */ = {
			isa = PBXGroup;
			children = (
				5EFB6F831B0194FA00423840 /* DetailPageTableUtils.swift */,
				5EFB6F841B0194FA00423840 /* DetailPageTableViewController.swift */,
				5EFB6F851B0194FA00423840 /* Models */,
				5EFB6F891B0194FA00423840 /* TableViewCells */,
				5EFB6F901B0194FA00423840 /* VideoInfoConstant.swift */,
			);
			path = DetailPage;
			sourceTree = "<group>";
		};
		5EFB6F851B0194FA00423840 /* Models */ = {
			isa = PBXGroup;
			children = (
				5EFB6F861B0194FA00423840 /* VideoInfoObject.swift */,
			);
			path = Models;
			sourceTree = "<group>";
		};
		5EFB6F891B0194FA00423840 /* TableViewCells */ = {
			isa = PBXGroup;
			children = (
				5EFB6F8A1B0194FA00423840 /* ChannelInfoTableViewCell.swift */,
				5EFB6F8B1B0194FA00423840 /* HeaderTableViewCell.swift */,
				5EFB6F8C1B0194FA00423840 /* SuggestionVideoInfoTableViewCell.swift */,
				5EFB6F8D1B0194FA00423840 /* VideoDescriptionTableViewCell.swift */,
				5EFB6F8E1B0194FA00423840 /* VideoInfoTableViewCell.swift */,
				5EFB6F8F1B0194FA00423840 /* VideoStatisticTableViewCell.swift */,
			);
			path = TableViewCells;
			sourceTree = "<group>";
		};
		5EFB6F9F1B01950100423840 /* Common */ = {
			isa = PBXGroup;
			children = (
				5EFB6FA01B01950100423840 /* NSDate-ISO-8601 */,
				5EFB6FA21B01950100423840 /* String-Trim */,
				5EFB6FA41B01950100423840 /* SwiftFilePath */,
				5EFB6FA91B01950100423840 /* UIColor-Hex-Swift-master */,
			);
			path = Common;
			sourceTree = "<group>";
		};
		5EFB6FA01B01950100423840 /* NSDate-ISO-8601 */ = {
			isa = PBXGroup;
			children = (
				5EFB6FA11B01950100423840 /* NSDateISO8601.swift */,
			);
			path = "NSDate-ISO-8601";
			sourceTree = "<group>";
		};
		5EFB6FA21B01950100423840 /* String-Trim */ = {
			isa = PBXGroup;
			children = (
				5EFB6FA31B01950100423840 /* String+Trim.swift */,
			);
			path = "String-Trim";
			sourceTree = "<group>";
		};
		5EFB6FA41B01950100423840 /* SwiftFilePath */ = {
			isa = PBXGroup;
			children = (
				5EFB6FA51B01950100423840 /* Path.swift */,
				5EFB6FA61B01950100423840 /* PathExtensionDir.swift */,
				5EFB6FA71B01950100423840 /* PathExtensionFile.swift */,
				5EFB6FA81B01950100423840 /* Result.swift */,
			);
			path = SwiftFilePath;
			sourceTree = "<group>";
		};
		5EFB6FA91B01950100423840 /* UIColor-Hex-Swift-master */ = {
			isa = PBXGroup;
			children = (
				5EFB6FAA1B01950100423840 /* UIColorExtension.swift */,
			);
			path = "UIColor-Hex-Swift-master";
			sourceTree = "<group>";
		};
		5EFB6FB21B01950B00423840 /* CollectionView */ = {
			isa = PBXGroup;
			children = (
				5EFB6FB81B01950B00423840 /* FetchTask */,
				5EFB6FBD1B01950B00423840 /* NBCollectionSectionGenerator.swift */,
				5EFB6FC01B01950B00423840 /* UICollectionCells */,
				5EFB6FC31B01950B00423840 /* YTVideoCollectionConstant.swift */,
				5EFB6FC41B01950B00423840 /* YTVideosCollectionViewController.swift */,
			);
			path = CollectionView;
			sourceTree = "<group>";
		};
		5EFB6FB81B01950B00423840 /* FetchTask */ = {
			isa = PBXGroup;
			children = (
				5EFB6FB91B01950B00423840 /* FetchEventProtocol.swift */,
				5EFB6FBA1B01950B00423840 /* RetrievingNewestVideoIdsTask.swift */,
				5EFB6FBB1B01950B00423840 /* SearchTask.swift */,
				5EFB6FBC1B01950B00423840 /* SuggestionVideoListTask.swift */,
			);
			path = FetchTask;
			sourceTree = "<group>";
		};
		5EFB6FC01B01950B00423840 /* UICollectionCells */ = {
			isa = PBXGroup;
			children = (
				5EFB6FC11B01950B00423840 /* VideoCollectionViewCellLayout.swift */,
				5EFB6FC21B01950B00423840 /* YTVideoCollectionViewCell.swift */,
			);
			path = UICollectionCells;
			sourceTree = "<group>";
		};
		5EFB6FD21B01956200423840 /* Public */ = {
			isa = PBXGroup;
			children = (
				5EFB6FD31B01956200423840 /* LoadingViewController.swift */,
				5EFB6FD41B01956200423840 /* PublicConstant.swift */,
				5EFB6FD51B01956200423840 /* RequestFailureViewController.swift */,
			);
			path = Public;
			sourceTree = "<group>";
		};
		A4A5D8BDED1C2E5904FD2AC6 /* Frameworks */ = {
			isa = PBXGroup;
			children = (
				5E38189D1B022086009C32B4 /* Cent.framework */,
				5E38189E1B022086009C32B4 /* Dollar.framework */,
				5EFB6F0F1B01943200423840 /* WebImage.framework */,
				5EFB6F0D1B01942B00423840 /* Cartography.framework */,
				0567AF415F4D5FE88421BB37 /* libPods-app.a */,
			);
			name = Frameworks;
			sourceTree = "<group>";
		};
		C767BD5BC6D179F2C558525C /* Pods */ = {
			isa = PBXGroup;
			children = (
				A18ED53B24C22E07F668BB06 /* Pods-app.debug.xcconfig */,
				C1A581CB1FD933B7CD6CF5D0 /* Pods-app.release.xcconfig */,
			);
			name = Pods;
			sourceTree = "<group>";
		};
/* End PBXGroup section */

/* Begin PBXNativeTarget section */
		5E6CCBDE1B0192920040ACE7 /* app */ = {
			isa = PBXNativeTarget;
			buildConfigurationList = 5E6CCBFE1B0192920040ACE7 /* Build configuration list for PBXNativeTarget "app" */;
			buildPhases = (
				8A94F64ABFAF244AD2AD2F2F /* Check Pods Manifest.lock */,
				5E6CCBDB1B0192920040ACE7 /* Sources */,
				5E6CCBDC1B0192920040ACE7 /* Frameworks */,
				5E6CCBDD1B0192920040ACE7 /* Resources */,
				2265A3BC27168AEF0E1FCB53 /* Copy Pods Resources */,
				5EFB6F111B01943E00423840 /* ShellScript */,
			);
			buildRules = (
			);
			dependencies = (
			);
			name = app;
			productName = app;
			productReference = 5E6CCBDF1B0192920040ACE7 /* app.app */;
			productType = "com.apple.product-type.application";
		};
		5E6CCBF31B0192920040ACE7 /* appTests */ = {
			isa = PBXNativeTarget;
			buildConfigurationList = 5E6CCC011B0192920040ACE7 /* Build configuration list for PBXNativeTarget "appTests" */;
			buildPhases = (
				5E6CCBF01B0192920040ACE7 /* Sources */,
				5E6CCBF11B0192920040ACE7 /* Frameworks */,
				5E6CCBF21B0192920040ACE7 /* Resources */,
			);
			buildRules = (
			);
			dependencies = (
				5E6CCBF61B0192920040ACE7 /* PBXTargetDependency */,
			);
			name = appTests;
			productName = appTests;
			productReference = 5E6CCBF41B0192920040ACE7 /* appTests.xctest */;
			productType = "com.apple.product-type.bundle.unit-test";
		};
/* End PBXNativeTarget section */

/* Begin PBXProject section */
		5E6CCBD71B0192920040ACE7 /* Project object */ = {
			isa = PBXProject;
			attributes = {
				LastUpgradeCheck = 0630;
				ORGANIZATIONNAME = djzhang;
				TargetAttributes = {
					5E6CCBDE1B0192920040ACE7 = {
						CreatedOnToolsVersion = 6.3.1;
						DevelopmentTeam = VCRS784KF3;
					};
					5E6CCBF31B0192920040ACE7 = {
						CreatedOnToolsVersion = 6.3.1;
						TestTargetID = 5E6CCBDE1B0192920040ACE7;
					};
				};
			};
			buildConfigurationList = 5E6CCBDA1B0192920040ACE7 /* Build configuration list for PBXProject "app" */;
			compatibilityVersion = "Xcode 3.2";
			developmentRegion = English;
			hasScannedForEncodings = 0;
			knownRegions = (
				en,
				Base,
			);
			mainGroup = 5E6CCBD61B0192920040ACE7;
			productRefGroup = 5E6CCBE01B0192920040ACE7 /* Products */;
			projectDirPath = "";
			projectRoot = "";
			targets = (
				5E6CCBDE1B0192920040ACE7 /* app */,
				5E6CCBF31B0192920040ACE7 /* appTests */,
			);
		};
/* End PBXProject section */

/* Begin PBXResourcesBuildPhase section */
		5E6CCBDD1B0192920040ACE7 /* Resources */ = {
			isa = PBXResourcesBuildPhase;
			buildActionMask = 2147483647;
			files = (
				5E6CCBEA1B0192920040ACE7 /* Main.storyboard in Resources */,
				5E6CCBEF1B0192920040ACE7 /* LaunchScreen.xib in Resources */,
				5EF002F21B019A54002D2A93 /* ReusedViewControllers.storyboard in Resources */,
				5EF002F31B019A54002D2A93 /* VideoWatchStoryboard.storyboard in Resources */,
				5E6CCBEC1B0192920040ACE7 /* Images.xcassets in Resources */,
				5ECBA9661B0380EE005420C4 /* Autolayout.storyboard in Resources */,
				5EF002F11B019A54002D2A93 /* Public.storyboard in Resources */,
			);
			runOnlyForDeploymentPostprocessing = 0;
		};
		5E6CCBF21B0192920040ACE7 /* Resources */ = {
			isa = PBXResourcesBuildPhase;
			buildActionMask = 2147483647;
			files = (
			);
			runOnlyForDeploymentPostprocessing = 0;
		};
/* End PBXResourcesBuildPhase section */

/* Begin PBXShellScriptBuildPhase section */
		2265A3BC27168AEF0E1FCB53 /* Copy Pods Resources */ = {
			isa = PBXShellScriptBuildPhase;
			buildActionMask = 2147483647;
			files = (
			);
			inputPaths = (
			);
			name = "Copy Pods Resources";
			outputPaths = (
			);
			runOnlyForDeploymentPostprocessing = 0;
			shellPath = /bin/sh;
			shellScript = "\"${SRCROOT}/Pods/Target Support Files/Pods-app/Pods-app-resources.sh\"\n";
			showEnvVarsInLog = 0;
		};
		5EFB6F111B01943E00423840 /* ShellScript */ = {
			isa = PBXShellScriptBuildPhase;
			buildActionMask = 2147483647;
			files = (
			);
			inputPaths = (
				"$(SRCROOT)/Carthage/WebImage.framework",
				"$(SRCROOT)/Carthage/Cartography.framework",
				"$(SRCROOT)/Carthage/Cent.framework",
				"$(SRCROOT)/Carthage/Dollar.framework",
			);
			outputPaths = (
			);
			runOnlyForDeploymentPostprocessing = 0;
			shellPath = /bin/sh;
			shellScript = "/usr/local/bin/carthage copy-frameworks";
		};
		8A94F64ABFAF244AD2AD2F2F /* Check Pods Manifest.lock */ = {
			isa = PBXShellScriptBuildPhase;
			buildActionMask = 2147483647;
			files = (
			);
			inputPaths = (
			);
			name = "Check Pods Manifest.lock";
			outputPaths = (
			);
			runOnlyForDeploymentPostprocessing = 0;
			shellPath = /bin/sh;
			shellScript = "diff \"${PODS_ROOT}/../Podfile.lock\" \"${PODS_ROOT}/Manifest.lock\" > /dev/null\nif [[ $? != 0 ]] ; then\n    cat << EOM\nerror: The sandbox is not in sync with the Podfile.lock. Run 'pod install' or update your CocoaPods installation.\nEOM\n    exit 1\nfi\n";
			showEnvVarsInLog = 0;
		};
/* End PBXShellScriptBuildPhase section */

/* Begin PBXSourcesBuildPhase section */
		5E6CCBDB1B0192920040ACE7 /* Sources */ = {
			isa = PBXSourcesBuildPhase;
			buildActionMask = 2147483647;
			files = (
				5E6CCBE71B0192920040ACE7 /* ViewController.swift in Sources */,
				5EFB6F9B1B0194FA00423840 /* VideoInfoTableViewCell.swift in Sources */,
				5EFB6FAC1B01950100423840 /* String+Trim.swift in Sources */,
				5EFB6FC91B01950B00423840 /* RetrievingNewestVideoIdsTask.swift in Sources */,
				5EFB6F991B0194FA00423840 /* SuggestionVideoInfoTableViewCell.swift in Sources */,
				5EFB6F3B1B0194B300423840 /* WatchViewConstant.swift in Sources */,
				5EFB6EFD1B0193E700423840 /* YoutubeRetrievingGTLActivityListItemsFetcher.swift in Sources */,
				5EFB6F811B0194F300423840 /* PopoverProtocol.swift in Sources */,
				5EFB6F1C1B01949E00423840 /* YTTabBarItemsViewController.swift in Sources */,
				5EFB6F181B01949E00423840 /* YTTabBar.swift in Sources */,
				5EFB6F011B0193E700423840 /* YoutubeRetrievingPlayListItemsFetcher.swift in Sources */,
				5EFB6FD61B01956200423840 /* LoadingViewController.swift in Sources */,
				5EFB6F6B1B0194DF00423840 /* NBMenuTableViewController.swift in Sources */,
				5EA7D0FA1B02E571005B4E16 /* UITableViewExtensions.swift in Sources */,
				5EFB6F661B0194DF00423840 /* MenuTitleBarBaseCellObject.swift in Sources */,
				5EFB6F001B0193E700423840 /* YoutubeRetrievingNewSubscriptionVideosFetcherHelper.swift in Sources */,
				5EFB6EFF1B0193E700423840 /* YoutubeRetrievingNewSubscriptionVideosFetcher.swift in Sources */,
				5EFB6F471B0194D800423840 /* MenuSectionHeaderView.swift in Sources */,
				5EFB6EFE1B0193E700423840 /* YoutubeRetrievingGTLActivityListItemsFetcherHelper.swift in Sources */,
				5EFB6F6E1B0194DF00423840 /* RevealViewHelper.swift in Sources */,
				5EFB6FB11B01950100423840 /* UIColorExtension.swift in Sources */,
				5E6CCBE51B0192920040ACE7 /* AppDelegate.swift in Sources */,
				5EFB6F351B0194B300423840 /* AVPlayerView.swift in Sources */,
				5EFB6F981B0194FA00423840 /* HeaderTableViewCell.swift in Sources */,
				5EFB6F491B0194D800423840 /* MenuTableSignInHeaderView.swift in Sources */,
				5EFB6F941B0194FA00423840 /* DetailPageTableViewController.swift in Sources */,
				5EFB6EF91B0193E700423840 /* AuthoredFetcher.swift in Sources */,
				5EFB6F041B0193E700423840 /* YouTubeExtractorUtils.swift in Sources */,
				5EFB6F061B0193E700423840 /* YoutubeApiConstant.swift in Sources */,
				5EFB6FD71B01956200423840 /* PublicConstant.swift in Sources */,
				5EFB6F7D1B0194F300423840 /* AutoCompletePopoverController.swift in Sources */,
				5EFB6F681B0194DF00423840 /* YTMenuRowCellObject.swift in Sources */,
				5EFB6F7F1B0194F300423840 /* AutoCompletePopoverEvent.swift in Sources */,
				5EFB6FD11B01950B00423840 /* YTVideosCollectionViewController.swift in Sources */,
				5E57716A1B0479D4005B4A89 /* UIImageViewExtensions.swift in Sources */,
				5EFB6F951B0194FA00423840 /* VideoInfoObject.swift in Sources */,
				5EFB6F091B0193E700423840 /* NSDateExtensions.swift in Sources */,
				5EFB6F071B0193E700423840 /* YoutubeUserProfile.swift in Sources */,
				5EFB6F621B0194DF00423840 /* LeftMenuSectionsUtils.swift in Sources */,
				5EFB6F371B0194B300423840 /* MoviePlayerViewHelper.swift in Sources */,
				5EFB6F381B0194B300423840 /* PeriodicTimeProtocol.swift in Sources */,
				5EFB6F481B0194D800423840 /* MenuTableLoggedHeaderView.swift in Sources */,
				5EFB6F691B0194DF00423840 /* YTSectionTitleCellObject.swift in Sources */,
				5EFB6F6A1B0194DF00423840 /* NBMenuSectionGenerator.swift in Sources */,
				5EFB6F9D1B0194FA00423840 /* VideoInfoConstant.swift in Sources */,
				5EFB6F1B1B01949E00423840 /* YTTabBarItemsUtils.swift in Sources */,
				5EA7D0F81B02E571005B4E16 /* UIConstants.swift in Sources */,
				5EFB6F031B0193E700423840 /* YoutubeDataFetcher.swift in Sources */,
				5EA7D0FB1B02E571005B4E16 /* UIViewExtentsions.swift in Sources */,
				5EFB6F081B0193E700423840 /* YTYoutubeRequestInfo.swift in Sources */,
				5EFB6F451B0194D800423840 /* MenuCollapseTableCell.swift in Sources */,
				5EFB6FCC1B01950B00423840 /* NBCollectionSectionGenerator.swift in Sources */,
				5EFB6F971B0194FA00423840 /* ChannelInfoTableViewCell.swift in Sources */,
				5EFB6FD01B01950B00423840 /* YTVideoCollectionConstant.swift in Sources */,
				5EFB6FC81B01950B00423840 /* FetchEventProtocol.swift in Sources */,
				5EFB6F7E1B0194F300423840 /* PopoverTableViewController.swift in Sources */,
				5EA7D0F91B02E571005B4E16 /* UIControlExtensions.swift in Sources */,
				5EFB6F9C1B0194FA00423840 /* VideoStatisticTableViewCell.swift in Sources */,
				5EFB6EF51B0193E700423840 /* SwiftyUserDefaults.swift in Sources */,
				5EFB6F9A1B0194FA00423840 /* VideoDescriptionTableViewCell.swift in Sources */,
				5EFB6F391B0194B300423840 /* YTPlayerSubtitling.swift in Sources */,
				5EFB6F3A1B0194B300423840 /* VideoWatchProtocol.swift in Sources */,
				5EFB6F611B0194DF00423840 /* LeftMenuConstant.swift in Sources */,
				5EFB6F931B0194FA00423840 /* DetailPageTableUtils.swift in Sources */,
				5EA7D0F71B02E571005B4E16 /* UIColorExtensions.swift in Sources */,
				5EFB6F021B0193E700423840 /* YoutubeRetrievingPlayListItemsFetcherHelper.swift in Sources */,
				5EFB6F671B0194DF00423840 /* YTMenuRemoteRowCellObject.swift in Sources */,
				5EFB6F3C1B0194B300423840 /* YTVideoWatchViewController.swift in Sources */,
				5EFB6F331B0194B300423840 /* MovieEmbeddedNormalBarViewController.swift in Sources */,
				5EFB6F0B1B0193E700423840 /* YoutubeFetcher.swift in Sources */,
				5E46504B1B01F2C9009F908C /* VideoWatchTableModel.swift in Sources */,
				5EFB6F221B0194A900423840 /* ChannelPageViewController.swift in Sources */,
				5EFB6FCE1B01950B00423840 /* VideoCollectionViewCellLayout.swift in Sources */,
				5EFB6F211B0194A900423840 /* ChannelBannerViewController.swift in Sources */,
				5EFB6F6C1B0194DF00423840 /* FrontBaseViewController.swift in Sources */,
				5EFB6F191B01949E00423840 /* YTTabbarConstants.swift in Sources */,
				5EFB6F0C1B0193E700423840 /* YoutubeFetcherConstant.swift in Sources */,
				5EFB6EFC1B0193E700423840 /* YoutubeRetrievingActivityListItemsFetcherHelper.swift in Sources */,
				5EFB6EF81B0193E700423840 /* LayoutUtils.swift in Sources */,
				5EFB6FAF1B01950100423840 /* PathExtensionFile.swift in Sources */,
				5EFB6F4A1B0194D800423840 /* TableCellProtocols.swift in Sources */,
				5EFB6F0A1B0193E700423840 /* YoutubeModelParser.swift in Sources */,
				5EFB6FAB1B01950100423840 /* NSDateISO8601.swift in Sources */,
				5EFB6F801B0194F300423840 /* AutoCompletePopoverSearchBar.swift in Sources */,
				5EFB6F1A1B01949E00423840 /* YTTabBarController.swift in Sources */,
				5EFB6F321B0194B300423840 /* MovieEmbeddedBasedBarViewController.swift in Sources */,
				5EFB6FAD1B01950100423840 /* Path.swift in Sources */,
				5EFB6FCB1B01950B00423840 /* SuggestionVideoListTask.swift in Sources */,
				5EFB6EF71B0193E700423840 /* AppColorScheme.swift in Sources */,
				5EFB6EFA1B0193E700423840 /* YoutubeBatchableConstant.swift in Sources */,
				5EFB6F641B0194DF00423840 /* MenuLoggedTitleBarCell.swift in Sources */,
				5EFB6F341B0194B300423840 /* MovieEmbeddedViewController.swift in Sources */,
				5EFB6FB01B01950100423840 /* Result.swift in Sources */,
				5EFB6F231B0194A900423840 /* YoutubePageConstants.swift in Sources */,
				5EFB6FAE1B01950100423840 /* PathExtensionDir.swift in Sources */,
				5EFB6EF61B0193E700423840 /* Tools.swift in Sources */,
				5EFB6F651B0194DF00423840 /* MenuLoginTitleBarCell.swift in Sources */,
				5EFB6EFB1B0193E700423840 /* YoutubeRetrievingActivityListItemsFetcher.swift in Sources */,
				5EA7D0FD1B02E6D7005B4E16 /* UIViewControllerExtensions.swift in Sources */,
				5EFB6F051B0193E700423840 /* LoggedUserChannelInfo.swift in Sources */,
				5EFB6F631B0194DF00423840 /* LeftMenuViewController.swift in Sources */,
				5EFB6F361B0194B300423840 /* CMTime+Validation.swift in Sources */,
				5EFB6FCA1B01950B00423840 /* SearchTask.swift in Sources */,
				5EFB6FD81B01956200423840 /* RequestFailureViewController.swift in Sources */,
				5EFB6FCF1B01950B00423840 /* YTVideoCollectionViewCell.swift in Sources */,
				5EFB6F6D1B0194DF00423840 /* SubscriptionsViewController.swift in Sources */,
			);
			runOnlyForDeploymentPostprocessing = 0;
		};
		5E6CCBF01B0192920040ACE7 /* Sources */ = {
			isa = PBXSourcesBuildPhase;
			buildActionMask = 2147483647;
			files = (
				5E6CCBFB1B0192920040ACE7 /* appTests.swift in Sources */,
			);
			runOnlyForDeploymentPostprocessing = 0;
		};
/* End PBXSourcesBuildPhase section */

/* Begin PBXTargetDependency section */
		5E6CCBF61B0192920040ACE7 /* PBXTargetDependency */ = {
			isa = PBXTargetDependency;
			target = 5E6CCBDE1B0192920040ACE7 /* app */;
			targetProxy = 5E6CCBF51B0192920040ACE7 /* PBXContainerItemProxy */;
		};
/* End PBXTargetDependency section */

/* Begin PBXVariantGroup section */
		5E6CCBE81B0192920040ACE7 /* Main.storyboard */ = {
			isa = PBXVariantGroup;
			children = (
				5E6CCBE91B0192920040ACE7 /* Base */,
			);
			name = Main.storyboard;
			sourceTree = "<group>";
		};
		5E6CCBED1B0192920040ACE7 /* LaunchScreen.xib */ = {
			isa = PBXVariantGroup;
			children = (
				5E6CCBEE1B0192920040ACE7 /* Base */,
			);
			name = LaunchScreen.xib;
			sourceTree = "<group>";
		};
		5ECBA9641B0380EE005420C4 /* Autolayout.storyboard */ = {
			isa = PBXVariantGroup;
			children = (
				5ECBA9651B0380EE005420C4 /* Base */,
			);
			name = Autolayout.storyboard;
			sourceTree = "<group>";
		};
		5EF002EB1B019A54002D2A93 /* Public.storyboard */ = {
			isa = PBXVariantGroup;
			children = (
				5EF002EC1B019A54002D2A93 /* Base */,
			);
			name = Public.storyboard;
			sourceTree = "<group>";
		};
		5EF002ED1B019A54002D2A93 /* ReusedViewControllers.storyboard */ = {
			isa = PBXVariantGroup;
			children = (
				5EF002EE1B019A54002D2A93 /* Base */,
			);
			name = ReusedViewControllers.storyboard;
			sourceTree = "<group>";
		};
		5EF002EF1B019A54002D2A93 /* VideoWatchStoryboard.storyboard */ = {
			isa = PBXVariantGroup;
			children = (
				5EF002F01B019A54002D2A93 /* Base */,
			);
			name = VideoWatchStoryboard.storyboard;
			sourceTree = "<group>";
		};
/* End PBXVariantGroup section */

/* Begin XCBuildConfiguration section */
		5E6CCBFC1B0192920040ACE7 /* Debug */ = {
			isa = XCBuildConfiguration;
			buildSettings = {
				ALWAYS_SEARCH_USER_PATHS = NO;
				CLANG_CXX_LANGUAGE_STANDARD = "gnu++0x";
				CLANG_CXX_LIBRARY = "libc++";
				CLANG_ENABLE_MODULES = YES;
				CLANG_ENABLE_OBJC_ARC = YES;
				CLANG_WARN_BOOL_CONVERSION = YES;
				CLANG_WARN_CONSTANT_CONVERSION = YES;
				CLANG_WARN_DIRECT_OBJC_ISA_USAGE = YES_ERROR;
				CLANG_WARN_EMPTY_BODY = YES;
				CLANG_WARN_ENUM_CONVERSION = YES;
				CLANG_WARN_INT_CONVERSION = YES;
				CLANG_WARN_OBJC_ROOT_CLASS = YES_ERROR;
				CLANG_WARN_UNREACHABLE_CODE = YES;
				CLANG_WARN__DUPLICATE_METHOD_MATCH = YES;
				"CODE_SIGN_IDENTITY[sdk=iphoneos*]" = "iPhone Developer";
				COPY_PHASE_STRIP = NO;
				DEBUG_INFORMATION_FORMAT = "dwarf-with-dsym";
				ENABLE_STRICT_OBJC_MSGSEND = YES;
				GCC_C_LANGUAGE_STANDARD = gnu99;
				GCC_DYNAMIC_NO_PIC = NO;
				GCC_NO_COMMON_BLOCKS = YES;
				GCC_OPTIMIZATION_LEVEL = 0;
				GCC_PREPROCESSOR_DEFINITIONS = (
					"DEBUG=1",
					"$(inherited)",
				);
				GCC_SYMBOLS_PRIVATE_EXTERN = NO;
				GCC_WARN_64_TO_32_BIT_CONVERSION = YES;
				GCC_WARN_ABOUT_RETURN_TYPE = YES_ERROR;
				GCC_WARN_UNDECLARED_SELECTOR = YES;
				GCC_WARN_UNINITIALIZED_AUTOS = YES_AGGRESSIVE;
				GCC_WARN_UNUSED_FUNCTION = YES;
				GCC_WARN_UNUSED_VARIABLE = YES;
				IPHONEOS_DEPLOYMENT_TARGET = 8.3;
				MTL_ENABLE_DEBUG_INFO = YES;
				ONLY_ACTIVE_ARCH = YES;
				SDKROOT = iphoneos;
				SWIFT_OBJC_BRIDGING_HEADER = "app/app-Bridging-Header.h";
				SWIFT_OPTIMIZATION_LEVEL = "-Onone";
				TARGETED_DEVICE_FAMILY = 2;
			};
			name = Debug;
		};
		5E6CCBFD1B0192920040ACE7 /* Release */ = {
			isa = XCBuildConfiguration;
			buildSettings = {
				ALWAYS_SEARCH_USER_PATHS = NO;
				CLANG_CXX_LANGUAGE_STANDARD = "gnu++0x";
				CLANG_CXX_LIBRARY = "libc++";
				CLANG_ENABLE_MODULES = YES;
				CLANG_ENABLE_OBJC_ARC = YES;
				CLANG_WARN_BOOL_CONVERSION = YES;
				CLANG_WARN_CONSTANT_CONVERSION = YES;
				CLANG_WARN_DIRECT_OBJC_ISA_USAGE = YES_ERROR;
				CLANG_WARN_EMPTY_BODY = YES;
				CLANG_WARN_ENUM_CONVERSION = YES;
				CLANG_WARN_INT_CONVERSION = YES;
				CLANG_WARN_OBJC_ROOT_CLASS = YES_ERROR;
				CLANG_WARN_UNREACHABLE_CODE = YES;
				CLANG_WARN__DUPLICATE_METHOD_MATCH = YES;
				"CODE_SIGN_IDENTITY[sdk=iphoneos*]" = "iPhone Developer";
				COPY_PHASE_STRIP = NO;
				DEBUG_INFORMATION_FORMAT = "dwarf-with-dsym";
				ENABLE_NS_ASSERTIONS = NO;
				ENABLE_STRICT_OBJC_MSGSEND = YES;
				GCC_C_LANGUAGE_STANDARD = gnu99;
				GCC_NO_COMMON_BLOCKS = YES;
				GCC_WARN_64_TO_32_BIT_CONVERSION = YES;
				GCC_WARN_ABOUT_RETURN_TYPE = YES_ERROR;
				GCC_WARN_UNDECLARED_SELECTOR = YES;
				GCC_WARN_UNINITIALIZED_AUTOS = YES_AGGRESSIVE;
				GCC_WARN_UNUSED_FUNCTION = YES;
				GCC_WARN_UNUSED_VARIABLE = YES;
				IPHONEOS_DEPLOYMENT_TARGET = 8.3;
				MTL_ENABLE_DEBUG_INFO = NO;
				SDKROOT = iphoneos;
				SWIFT_OBJC_BRIDGING_HEADER = "app/app-Bridging-Header.h";
				TARGETED_DEVICE_FAMILY = 2;
				VALIDATE_PRODUCT = YES;
			};
			name = Release;
		};
		5E6CCBFF1B0192920040ACE7 /* Debug */ = {
			isa = XCBuildConfiguration;
			baseConfigurationReference = A18ED53B24C22E07F668BB06 /* Pods-app.debug.xcconfig */;
			buildSettings = {
				ASSETCATALOG_COMPILER_APPICON_NAME = AppIcon;
				CODE_SIGN_IDENTITY = "iPhone Developer";
				FRAMEWORK_SEARCH_PATHS = (
					"$(inherited)",
					"$(PROJECT_DIR)/Carthage",
				);
				INFOPLIST_FILE = app/Info.plist;
				LD_RUNPATH_SEARCH_PATHS = "$(inherited) @executable_path/Frameworks";
				PRODUCT_NAME = "$(TARGET_NAME)";
			};
			name = Debug;
		};
		5E6CCC001B0192920040ACE7 /* Release */ = {
			isa = XCBuildConfiguration;
			baseConfigurationReference = C1A581CB1FD933B7CD6CF5D0 /* Pods-app.release.xcconfig */;
			buildSettings = {
				ASSETCATALOG_COMPILER_APPICON_NAME = AppIcon;
				CODE_SIGN_IDENTITY = "iPhone Developer";
				FRAMEWORK_SEARCH_PATHS = (
					"$(inherited)",
					"$(PROJECT_DIR)/Carthage",
				);
				INFOPLIST_FILE = app/Info.plist;
				LD_RUNPATH_SEARCH_PATHS = "$(inherited) @executable_path/Frameworks";
				PRODUCT_NAME = "$(TARGET_NAME)";
			};
			name = Release;
		};
		5E6CCC021B0192920040ACE7 /* Debug */ = {
			isa = XCBuildConfiguration;
			buildSettings = {
				BUNDLE_LOADER = "$(TEST_HOST)";
				FRAMEWORK_SEARCH_PATHS = (
					"$(SDKROOT)/Developer/Library/Frameworks",
					"$(inherited)",
				);
				GCC_PREPROCESSOR_DEFINITIONS = (
					"DEBUG=1",
					"$(inherited)",
				);
				INFOPLIST_FILE = appTests/Info.plist;
				LD_RUNPATH_SEARCH_PATHS = "$(inherited) @executable_path/Frameworks @loader_path/Frameworks";
				PRODUCT_NAME = "$(TARGET_NAME)";
				SWIFT_OBJC_BRIDGING_HEADER = "";
				TEST_HOST = "$(BUILT_PRODUCTS_DIR)/app.app/app";
			};
			name = Debug;
		};
		5E6CCC031B0192920040ACE7 /* Release */ = {
			isa = XCBuildConfiguration;
			buildSettings = {
				BUNDLE_LOADER = "$(TEST_HOST)";
				FRAMEWORK_SEARCH_PATHS = (
					"$(SDKROOT)/Developer/Library/Frameworks",
					"$(inherited)",
				);
				INFOPLIST_FILE = appTests/Info.plist;
				LD_RUNPATH_SEARCH_PATHS = "$(inherited) @executable_path/Frameworks @loader_path/Frameworks";
				PRODUCT_NAME = "$(TARGET_NAME)";
				SWIFT_OBJC_BRIDGING_HEADER = "";
				TEST_HOST = "$(BUILT_PRODUCTS_DIR)/app.app/app";
			};
			name = Release;
		};
/* End XCBuildConfiguration section */

/* Begin XCConfigurationList section */
		5E6CCBDA1B0192920040ACE7 /* Build configuration list for PBXProject "app" */ = {
			isa = XCConfigurationList;
			buildConfigurations = (
				5E6CCBFC1B0192920040ACE7 /* Debug */,
				5E6CCBFD1B0192920040ACE7 /* Release */,
			);
			defaultConfigurationIsVisible = 0;
			defaultConfigurationName = Release;
		};
		5E6CCBFE1B0192920040ACE7 /* Build configuration list for PBXNativeTarget "app" */ = {
			isa = XCConfigurationList;
			buildConfigurations = (
				5E6CCBFF1B0192920040ACE7 /* Debug */,
				5E6CCC001B0192920040ACE7 /* Release */,
			);
			defaultConfigurationIsVisible = 0;
			defaultConfigurationName = Release;
		};
		5E6CCC011B0192920040ACE7 /* Build configuration list for PBXNativeTarget "appTests" */ = {
			isa = XCConfigurationList;
			buildConfigurations = (
				5E6CCC021B0192920040ACE7 /* Debug */,
				5E6CCC031B0192920040ACE7 /* Release */,
			);
			defaultConfigurationIsVisible = 0;
			defaultConfigurationName = Release;
		};
/* End XCConfigurationList section */
	};
	rootObject = 5E6CCBD71B0192920040ACE7 /* Project object */;
}
