// !$*UTF8*$!
{
	archiveVersion = 1;
	classes = {
	};
	objectVersion = 46;
	objects = {

/* Begin PBXBuildFile section */
		5E39F8871AB91E5C00A285AE /* Alamofire.framework in Frameworks */ = {isa = PBXBuildFile; fileRef = 5E39F8861AB91E5C00A285AE /* Alamofire.framework */; };
		5E39F88A1AB91EF000A285AE /* Haneke.framework in Frameworks */ = {isa = PBXBuildFile; fileRef = 5E39F8891AB91EF000A285AE /* Haneke.framework */; };
		5E4ED0481AC6748F007DE4ED /* MenuCollapseTableViewController.swift in Sources */ = {isa = PBXBuildFile; fileRef = 5E4ED0471AC6748F007DE4ED /* MenuCollapseTableViewController.swift */; };
		5E5051971AC69A2200442AD0 /* AsTableCellProtocols.swift in Sources */ = {isa = PBXBuildFile; fileRef = 5E5051961AC69A2200442AD0 /* AsTableCellProtocols.swift */; };
		5E5051991AC69A4800442AD0 /* MenuCollapseTableCell.swift in Sources */ = {isa = PBXBuildFile; fileRef = 5E5051981AC69A4800442AD0 /* MenuCollapseTableCell.swift */; };
		5E5EF9661AB831CB00CCB831 /* MySwiftClass.swift in Sources */ = {isa = PBXBuildFile; fileRef = 5E6062021AB81D8600FED7E5 /* MySwiftClass.swift */; };
		5E6062031AB81D8600FED7E5 /* MySwiftClass.swift in Sources */ = {isa = PBXBuildFile; fileRef = 5E6062021AB81D8600FED7E5 /* MySwiftClass.swift */; };
		5E9E1ECB1AB7226F00523CC0 /* GYWrapSubscriptionsTests.swift in Sources */ = {isa = PBXBuildFile; fileRef = 5E9E1ECA1AB7226F00523CC0 /* GYWrapSubscriptionsTests.swift */; };
		5EB291081ABD76FB00131D73 /* YoutubeUserProfile.swift in Sources */ = {isa = PBXBuildFile; fileRef = 5EB291071ABD76FB00131D73 /* YoutubeUserProfile.swift */; };
		5EB3BF841AC2B7C10096B66F /* WebImageCache.swift in Sources */ = {isa = PBXBuildFile; fileRef = 5EB3BF831AC2B7C10096B66F /* WebImageCache.swift */; };
		5EBC21CE1AC0448400FD9DD4 /* YoutubeModelParser.swift in Sources */ = {isa = PBXBuildFile; fileRef = 5EBC21CD1AC0448400FD9DD4 /* YoutubeModelParser.swift */; };
		5EBCDCF61AB5C22C0023F037 /* AppDelegate.swift in Sources */ = {isa = PBXBuildFile; fileRef = 5EBCDCF51AB5C22C0023F037 /* AppDelegate.swift */; };
		5EBCDCF81AB5C22C0023F037 /* ViewController.swift in Sources */ = {isa = PBXBuildFile; fileRef = 5EBCDCF71AB5C22C0023F037 /* ViewController.swift */; };
		5EBCDCFB1AB5C22C0023F037 /* Main.storyboard in Resources */ = {isa = PBXBuildFile; fileRef = 5EBCDCF91AB5C22C0023F037 /* Main.storyboard */; };
		5EBCDCFD1AB5C22C0023F037 /* Images.xcassets in Resources */ = {isa = PBXBuildFile; fileRef = 5EBCDCFC1AB5C22C0023F037 /* Images.xcassets */; };
		5EBCDD001AB5C22C0023F037 /* LaunchScreen.xib in Resources */ = {isa = PBXBuildFile; fileRef = 5EBCDCFE1AB5C22C0023F037 /* LaunchScreen.xib */; };
		5EBCDD0C1AB5C22C0023F037 /* AsYoutubeiPadSwiftClientTests.swift in Sources */ = {isa = PBXBuildFile; fileRef = 5EBCDD0B1AB5C22C0023F037 /* AsYoutubeiPadSwiftClientTests.swift */; };
		5ECFEEC31ABB282700779904 /* .gitkeep in Resources */ = {isa = PBXBuildFile; fileRef = 5ECFEEB81ABB282700779904 /* .gitkeep */; };
		5ECFEEC51ABB282700779904 /* LeftMenuSectionsUtils.swift in Sources */ = {isa = PBXBuildFile; fileRef = 5ECFEEBB1ABB282700779904 /* LeftMenuSectionsUtils.swift */; };
		5ECFEEC61ABB282700779904 /* LeftMenuViewController.swift in Sources */ = {isa = PBXBuildFile; fileRef = 5ECFEEBC1ABB282700779904 /* LeftMenuViewController.swift */; };
		5ECFEECB1ABB282700779904 /* SubscriptionsViewController.swift in Sources */ = {isa = PBXBuildFile; fileRef = 5ECFEEC21ABB282700779904 /* SubscriptionsViewController.swift */; };
		5ECFEED31ABB28C600779904 /* YoutubeApi.swift in Sources */ = {isa = PBXBuildFile; fileRef = 5ECFEED21ABB28C600779904 /* YoutubeApi.swift */; };
		5ED3E8DD1AC015D4008985D7 /* YoutubeFetcher.swift in Sources */ = {isa = PBXBuildFile; fileRef = 5ED3E8DC1AC015D4008985D7 /* YoutubeFetcher.swift */; };
		5EEDE5501AC3F5B800D1AE30 /* YoutubeCacheImageFetcher.swift in Sources */ = {isa = PBXBuildFile; fileRef = 5EEDE54F1AC3F5B800D1AE30 /* YoutubeCacheImageFetcher.swift */; };
		5EEDE5511AC3F7D900D1AE30 /* YoutubeFetcher.swift in Sources */ = {isa = PBXBuildFile; fileRef = 5ED3E8DC1AC015D4008985D7 /* YoutubeFetcher.swift */; };
		5EEDE5521AC3F7EF00D1AE30 /* YoutubeApi.swift in Sources */ = {isa = PBXBuildFile; fileRef = 5ECFEED21ABB28C600779904 /* YoutubeApi.swift */; };
		5EEDE5531AC3F88A00D1AE30 /* Alamofire.framework in Frameworks */ = {isa = PBXBuildFile; fileRef = 5E39F8861AB91E5C00A285AE /* Alamofire.framework */; };
		5EEDE5541AC3F91D00D1AE30 /* YoutubeUserProfile.swift in Sources */ = {isa = PBXBuildFile; fileRef = 5EB291071ABD76FB00131D73 /* YoutubeUserProfile.swift */; };
		5EEDE5561AC3F9D000D1AE30 /* YoutubeFetcherTests.swift in Sources */ = {isa = PBXBuildFile; fileRef = 5EEDE5551AC3F9D000D1AE30 /* YoutubeFetcherTests.swift */; };
		D02DC44C1D388FF8D47CD4D2 /* libPods-AsYoutubeiPadSwiftClient.a in Frameworks */ = {isa = PBXBuildFile; fileRef = 643CB5AECE13A0D50F097746 /* libPods-AsYoutubeiPadSwiftClient.a */; };
		E51B8F7E257266B73D3B2A0D /* libPods-AsYoutubeiPadSwiftClientTests.a in Frameworks */ = {isa = PBXBuildFile; fileRef = 1C3B0BF885CDA89AA03EAAB2 /* libPods-AsYoutubeiPadSwiftClientTests.a */; };
/* End PBXBuildFile section */

/* Begin PBXContainerItemProxy section */
		5EBCDD061AB5C22C0023F037 /* PBXContainerItemProxy */ = {
			isa = PBXContainerItemProxy;
			containerPortal = 5EBCDCE81AB5C22C0023F037 /* Project object */;
			proxyType = 1;
			remoteGlobalIDString = 5EBCDCEF1AB5C22C0023F037;
			remoteInfo = AsYoutubeiPadSwiftClient;
		};
/* End PBXContainerItemProxy section */

/* Begin PBXFileReference section */
		1C3B0BF885CDA89AA03EAAB2 /* libPods-AsYoutubeiPadSwiftClientTests.a */ = {isa = PBXFileReference; explicitFileType = archive.ar; includeInIndex = 0; path = "libPods-AsYoutubeiPadSwiftClientTests.a"; sourceTree = BUILT_PRODUCTS_DIR; };
		5E033EA41AC4122A001014A8 /* SDWebImage.framework */ = {isa = PBXFileReference; lastKnownFileType = wrapper.framework; name = SDWebImage.framework; path = Carthage/Build/iOS/SDWebImage.framework; sourceTree = "<group>"; };
		5E39F8861AB91E5C00A285AE /* Alamofire.framework */ = {isa = PBXFileReference; lastKnownFileType = wrapper.framework; name = Alamofire.framework; path = Carthage/Build/iOS/Alamofire.framework; sourceTree = "<group>"; };
		5E39F8891AB91EF000A285AE /* Haneke.framework */ = {isa = PBXFileReference; lastKnownFileType = wrapper.framework; name = Haneke.framework; path = Carthage/Build/iOS/Haneke.framework; sourceTree = "<group>"; };
		5E4ED0471AC6748F007DE4ED /* MenuCollapseTableViewController.swift */ = {isa = PBXFileReference; fileEncoding = 4; lastKnownFileType = sourcecode.swift; path = MenuCollapseTableViewController.swift; sourceTree = "<group>"; };
		5E5051961AC69A2200442AD0 /* AsTableCellProtocols.swift */ = {isa = PBXFileReference; fileEncoding = 4; lastKnownFileType = sourcecode.swift; path = AsTableCellProtocols.swift; sourceTree = "<group>"; };
		5E5051981AC69A4800442AD0 /* MenuCollapseTableCell.swift */ = {isa = PBXFileReference; fileEncoding = 4; lastKnownFileType = sourcecode.swift; path = MenuCollapseTableCell.swift; sourceTree = "<group>"; };
		5E6062021AB81D8600FED7E5 /* MySwiftClass.swift */ = {isa = PBXFileReference; fileEncoding = 4; lastKnownFileType = sourcecode.swift; path = MySwiftClass.swift; sourceTree = "<group>"; };
		5E9902301AB5C3C700391615 /* AsYoutubeiPadSwiftClient-Bridging-Header.h */ = {isa = PBXFileReference; lastKnownFileType = sourcecode.c.h; path = "AsYoutubeiPadSwiftClient-Bridging-Header.h"; sourceTree = "<group>"; };
		5E9E1ECA1AB7226F00523CC0 /* GYWrapSubscriptionsTests.swift */ = {isa = PBXFileReference; fileEncoding = 4; lastKnownFileType = sourcecode.swift; name = GYWrapSubscriptionsTests.swift; path = ../../UnitTests/Youtube.wrapper/GYWrapSubscriptionsTests.swift; sourceTree = "<group>"; };
		5EB291071ABD76FB00131D73 /* YoutubeUserProfile.swift */ = {isa = PBXFileReference; fileEncoding = 4; lastKnownFileType = sourcecode.swift; path = YoutubeUserProfile.swift; sourceTree = "<group>"; };
		5EB3BF831AC2B7C10096B66F /* WebImageCache.swift */ = {isa = PBXFileReference; fileEncoding = 4; lastKnownFileType = sourcecode.swift; path = WebImageCache.swift; sourceTree = "<group>"; };
		5EBC21CD1AC0448400FD9DD4 /* YoutubeModelParser.swift */ = {isa = PBXFileReference; fileEncoding = 4; lastKnownFileType = sourcecode.swift; path = YoutubeModelParser.swift; sourceTree = "<group>"; };
		5EBCDCF01AB5C22C0023F037 /* AsYoutubeiPadSwiftClient.app */ = {isa = PBXFileReference; explicitFileType = wrapper.application; includeInIndex = 0; path = AsYoutubeiPadSwiftClient.app; sourceTree = BUILT_PRODUCTS_DIR; };
		5EBCDCF41AB5C22C0023F037 /* Info.plist */ = {isa = PBXFileReference; lastKnownFileType = text.plist.xml; path = Info.plist; sourceTree = "<group>"; };
		5EBCDCF51AB5C22C0023F037 /* AppDelegate.swift */ = {isa = PBXFileReference; lastKnownFileType = sourcecode.swift; path = AppDelegate.swift; sourceTree = "<group>"; };
		5EBCDCF71AB5C22C0023F037 /* ViewController.swift */ = {isa = PBXFileReference; lastKnownFileType = sourcecode.swift; path = ViewController.swift; sourceTree = "<group>"; };
		5EBCDCFA1AB5C22C0023F037 /* Base */ = {isa = PBXFileReference; lastKnownFileType = file.storyboard; name = Base; path = Base.lproj/Main.storyboard; sourceTree = "<group>"; };
		5EBCDCFC1AB5C22C0023F037 /* Images.xcassets */ = {isa = PBXFileReference; lastKnownFileType = folder.assetcatalog; path = Images.xcassets; sourceTree = "<group>"; };
		5EBCDCFF1AB5C22C0023F037 /* Base */ = {isa = PBXFileReference; lastKnownFileType = file.xib; name = Base; path = Base.lproj/LaunchScreen.xib; sourceTree = "<group>"; };
		5EBCDD051AB5C22C0023F037 /* AsYoutubeiPadSwiftClientTests.xctest */ = {isa = PBXFileReference; explicitFileType = wrapper.cfbundle; includeInIndex = 0; path = AsYoutubeiPadSwiftClientTests.xctest; sourceTree = BUILT_PRODUCTS_DIR; };
		5EBCDD0A1AB5C22C0023F037 /* Info.plist */ = {isa = PBXFileReference; lastKnownFileType = text.plist.xml; path = Info.plist; sourceTree = "<group>"; };
		5EBCDD0B1AB5C22C0023F037 /* AsYoutubeiPadSwiftClientTests.swift */ = {isa = PBXFileReference; lastKnownFileType = sourcecode.swift; path = AsYoutubeiPadSwiftClientTests.swift; sourceTree = "<group>"; };
		5ECFEEB81ABB282700779904 /* .gitkeep */ = {isa = PBXFileReference; fileEncoding = 4; lastKnownFileType = text; path = .gitkeep; sourceTree = "<group>"; };
		5ECFEEBB1ABB282700779904 /* LeftMenuSectionsUtils.swift */ = {isa = PBXFileReference; fileEncoding = 4; lastKnownFileType = sourcecode.swift; path = LeftMenuSectionsUtils.swift; sourceTree = "<group>"; };
		5ECFEEBC1ABB282700779904 /* LeftMenuViewController.swift */ = {isa = PBXFileReference; fileEncoding = 4; lastKnownFileType = sourcecode.swift; path = LeftMenuViewController.swift; sourceTree = "<group>"; };
		5ECFEEC21ABB282700779904 /* SubscriptionsViewController.swift */ = {isa = PBXFileReference; fileEncoding = 4; lastKnownFileType = sourcecode.swift; path = SubscriptionsViewController.swift; sourceTree = "<group>"; };
		5ECFEED21ABB28C600779904 /* YoutubeApi.swift */ = {isa = PBXFileReference; fileEncoding = 4; lastKnownFileType = sourcecode.swift; path = YoutubeApi.swift; sourceTree = "<group>"; };
		5ED3E8DC1AC015D4008985D7 /* YoutubeFetcher.swift */ = {isa = PBXFileReference; fileEncoding = 4; lastKnownFileType = sourcecode.swift; path = YoutubeFetcher.swift; sourceTree = "<group>"; };
		5EEDE54F1AC3F5B800D1AE30 /* YoutubeCacheImageFetcher.swift */ = {isa = PBXFileReference; fileEncoding = 4; lastKnownFileType = sourcecode.swift; path = YoutubeCacheImageFetcher.swift; sourceTree = "<group>"; };
		5EEDE5551AC3F9D000D1AE30 /* YoutubeFetcherTests.swift */ = {isa = PBXFileReference; fileEncoding = 4; lastKnownFileType = sourcecode.swift; name = YoutubeFetcherTests.swift; path = ../../UnitTests/youtube.api/YoutubeFetcherTests.swift; sourceTree = "<group>"; };
		643CB5AECE13A0D50F097746 /* libPods-AsYoutubeiPadSwiftClient.a */ = {isa = PBXFileReference; explicitFileType = archive.ar; includeInIndex = 0; path = "libPods-AsYoutubeiPadSwiftClient.a"; sourceTree = BUILT_PRODUCTS_DIR; };
		7691D91426A5CCFB076684C4 /* Pods-AsYoutubeiPadSwiftClientTests.release.xcconfig */ = {isa = PBXFileReference; includeInIndex = 1; lastKnownFileType = text.xcconfig; name = "Pods-AsYoutubeiPadSwiftClientTests.release.xcconfig"; path = "Pods/Target Support Files/Pods-AsYoutubeiPadSwiftClientTests/Pods-AsYoutubeiPadSwiftClientTests.release.xcconfig"; sourceTree = "<group>"; };
		922EFBB0ED0EC42B0E9566FB /* Pods-AsYoutubeiPadSwiftClient.debug.xcconfig */ = {isa = PBXFileReference; includeInIndex = 1; lastKnownFileType = text.xcconfig; name = "Pods-AsYoutubeiPadSwiftClient.debug.xcconfig"; path = "Pods/Target Support Files/Pods-AsYoutubeiPadSwiftClient/Pods-AsYoutubeiPadSwiftClient.debug.xcconfig"; sourceTree = "<group>"; };
		A9C2C565D43AC6F2DCD40AD1 /* Pods-AsYoutubeiPadSwiftClient.release.xcconfig */ = {isa = PBXFileReference; includeInIndex = 1; lastKnownFileType = text.xcconfig; name = "Pods-AsYoutubeiPadSwiftClient.release.xcconfig"; path = "Pods/Target Support Files/Pods-AsYoutubeiPadSwiftClient/Pods-AsYoutubeiPadSwiftClient.release.xcconfig"; sourceTree = "<group>"; };
		C8DB4AA29840FCCEE884154C /* Pods-AsYoutubeiPadSwiftClientTests.debug.xcconfig */ = {isa = PBXFileReference; includeInIndex = 1; lastKnownFileType = text.xcconfig; name = "Pods-AsYoutubeiPadSwiftClientTests.debug.xcconfig"; path = "Pods/Target Support Files/Pods-AsYoutubeiPadSwiftClientTests/Pods-AsYoutubeiPadSwiftClientTests.debug.xcconfig"; sourceTree = "<group>"; };
/* End PBXFileReference section */

/* Begin PBXFrameworksBuildPhase section */
		5EBCDCED1AB5C22C0023F037 /* Frameworks */ = {
			isa = PBXFrameworksBuildPhase;
			buildActionMask = 2147483647;
			files = (
				5E39F88A1AB91EF000A285AE /* Haneke.framework in Frameworks */,
				5E39F8871AB91E5C00A285AE /* Alamofire.framework in Frameworks */,
				D02DC44C1D388FF8D47CD4D2 /* libPods-AsYoutubeiPadSwiftClient.a in Frameworks */,
			);
			runOnlyForDeploymentPostprocessing = 0;
		};
		5EBCDD021AB5C22C0023F037 /* Frameworks */ = {
			isa = PBXFrameworksBuildPhase;
			buildActionMask = 2147483647;
			files = (
				E51B8F7E257266B73D3B2A0D /* libPods-AsYoutubeiPadSwiftClientTests.a in Frameworks */,
				5EEDE5531AC3F88A00D1AE30 /* Alamofire.framework in Frameworks */,
			);
			runOnlyForDeploymentPostprocessing = 0;
		};
/* End PBXFrameworksBuildPhase section */

/* Begin PBXGroup section */
		533132D809B076BA3BF83C66 /* Frameworks */ = {
			isa = PBXGroup;
			children = (
				5E033EA41AC4122A001014A8 /* SDWebImage.framework */,
				5E39F8891AB91EF000A285AE /* Haneke.framework */,
				5E39F8861AB91E5C00A285AE /* Alamofire.framework */,
				643CB5AECE13A0D50F097746 /* libPods-AsYoutubeiPadSwiftClient.a */,
				1C3B0BF885CDA89AA03EAAB2 /* libPods-AsYoutubeiPadSwiftClientTests.a */,
			);
			name = Frameworks;
			sourceTree = "<group>";
		};
		5E57C3451AC2ECAE0009E909 /* YoutubePage */ = {
			isa = PBXGroup;
			children = (
			);
			path = YoutubePage;
			sourceTree = SOURCE_ROOT;
		};
		5E9E1EC91AB7221D00523CC0 /* youtube-request */ = {
			isa = PBXGroup;
			children = (
				5E9E1ECA1AB7226F00523CC0 /* GYWrapSubscriptionsTests.swift */,
			);
			name = "youtube-request";
			sourceTree = "<group>";
		};
		5EB3BF821AC2B7AC0096B66F /* Cache */ = {
			isa = PBXGroup;
			children = (
				5EB3BF831AC2B7C10096B66F /* WebImageCache.swift */,
			);
			path = Cache;
			sourceTree = "<group>";
		};
		5EBCDCE71AB5C22C0023F037 = {
			isa = PBXGroup;
			children = (
				5EBCDCF21AB5C22C0023F037 /* AsYoutubeiPadSwiftClient */,
				5EBCDD081AB5C22C0023F037 /* AsYoutubeiPadSwiftClientTests */,
				5EBCDCF11AB5C22C0023F037 /* Products */,
				A6B01E3262893BD99009488C /* Pods */,
				533132D809B076BA3BF83C66 /* Frameworks */,
			);
			sourceTree = "<group>";
		};
		5EBCDCF11AB5C22C0023F037 /* Products */ = {
			isa = PBXGroup;
			children = (
				5EBCDCF01AB5C22C0023F037 /* AsYoutubeiPadSwiftClient.app */,
				5EBCDD051AB5C22C0023F037 /* AsYoutubeiPadSwiftClientTests.xctest */,
			);
			name = Products;
			sourceTree = "<group>";
		};
		5EBCDCF21AB5C22C0023F037 /* AsYoutubeiPadSwiftClient */ = {
			isa = PBXGroup;
			children = (
				5E57C3451AC2ECAE0009E909 /* YoutubePage */,
				5ECFEED11ABB28C600779904 /* youtubeapi */,
				5ECFEECC1ABB288F00779904 /* TableViewController */,
				5ECFEEB71ABB282700779904 /* Business-Logic-Layer */,
				5E6062021AB81D8600FED7E5 /* MySwiftClass.swift */,
				5EBCDCF51AB5C22C0023F037 /* AppDelegate.swift */,
				5EBCDCF71AB5C22C0023F037 /* ViewController.swift */,
				5EBCDCF91AB5C22C0023F037 /* Main.storyboard */,
				5EBCDCFC1AB5C22C0023F037 /* Images.xcassets */,
				5EBCDCFE1AB5C22C0023F037 /* LaunchScreen.xib */,
				5EBCDCF31AB5C22C0023F037 /* Supporting Files */,
				5E9902301AB5C3C700391615 /* AsYoutubeiPadSwiftClient-Bridging-Header.h */,
			);
			path = AsYoutubeiPadSwiftClient;
			sourceTree = "<group>";
		};
		5EBCDCF31AB5C22C0023F037 /* Supporting Files */ = {
			isa = PBXGroup;
			children = (
				5EBCDCF41AB5C22C0023F037 /* Info.plist */,
			);
			name = "Supporting Files";
			sourceTree = "<group>";
		};
		5EBCDD081AB5C22C0023F037 /* AsYoutubeiPadSwiftClientTests */ = {
			isa = PBXGroup;
			children = (
				5EEDE5571AC3F9D400D1AE30 /* youtube-api */,
				5E9E1EC91AB7221D00523CC0 /* youtube-request */,
				5EBCDD0B1AB5C22C0023F037 /* AsYoutubeiPadSwiftClientTests.swift */,
				5EBCDD091AB5C22C0023F037 /* Supporting Files */,
			);
			path = AsYoutubeiPadSwiftClientTests;
			sourceTree = "<group>";
		};
		5EBCDD091AB5C22C0023F037 /* Supporting Files */ = {
			isa = PBXGroup;
			children = (
				5EBCDD0A1AB5C22C0023F037 /* Info.plist */,
			);
			name = "Supporting Files";
			sourceTree = "<group>";
		};
		5ECFEEB71ABB282700779904 /* Business-Logic-Layer */ = {
			isa = PBXGroup;
			children = (
				5EB3BF821AC2B7AC0096B66F /* Cache */,
				5ECFEEB81ABB282700779904 /* .gitkeep */,
				5ECFEEB91ABB282700779904 /* leftmenu */,
				5ECFEEC11ABB282700779904 /* tabbars */,
			);
			path = "Business-Logic-Layer";
			sourceTree = SOURCE_ROOT;
		};
		5ECFEEB91ABB282700779904 /* leftmenu */ = {
			isa = PBXGroup;
			children = (
				5ECFEEBB1ABB282700779904 /* LeftMenuSectionsUtils.swift */,
				5ECFEEBC1ABB282700779904 /* LeftMenuViewController.swift */,
			);
			path = leftmenu;
			sourceTree = "<group>";
		};
		5ECFEEC11ABB282700779904 /* tabbars */ = {
			isa = PBXGroup;
			children = (
				5ECFEEC21ABB282700779904 /* SubscriptionsViewController.swift */,
			);
			path = tabbars;
			sourceTree = "<group>";
		};
		5ECFEECC1ABB288F00779904 /* TableViewController */ = {
			isa = PBXGroup;
			children = (
				5E5051961AC69A2200442AD0 /* AsTableCellProtocols.swift */,
				5E4ED0471AC6748F007DE4ED /* MenuCollapseTableViewController.swift */,
				5E5051981AC69A4800442AD0 /* MenuCollapseTableCell.swift */,
			);
			path = TableViewController;
			sourceTree = SOURCE_ROOT;
		};
		5ECFEED11ABB28C600779904 /* youtubeapi */ = {
			isa = PBXGroup;
			children = (
				5ECFEED21ABB28C600779904 /* YoutubeApi.swift */,
				5EB291071ABD76FB00131D73 /* YoutubeUserProfile.swift */,
				5ED3E8DC1AC015D4008985D7 /* YoutubeFetcher.swift */,
				5EBC21CD1AC0448400FD9DD4 /* YoutubeModelParser.swift */,
				5EEDE54F1AC3F5B800D1AE30 /* YoutubeCacheImageFetcher.swift */,
			);
			name = youtubeapi;
			path = "Business-Logic-Layer/youtubeapi";
			sourceTree = SOURCE_ROOT;
		};
		5EEDE5571AC3F9D400D1AE30 /* youtube-api */ = {
			isa = PBXGroup;
			children = (
				5EEDE5551AC3F9D000D1AE30 /* YoutubeFetcherTests.swift */,
			);
			name = "youtube-api";
			sourceTree = "<group>";
		};
		A6B01E3262893BD99009488C /* Pods */ = {
			isa = PBXGroup;
			children = (
				922EFBB0ED0EC42B0E9566FB /* Pods-AsYoutubeiPadSwiftClient.debug.xcconfig */,
				A9C2C565D43AC6F2DCD40AD1 /* Pods-AsYoutubeiPadSwiftClient.release.xcconfig */,
				C8DB4AA29840FCCEE884154C /* Pods-AsYoutubeiPadSwiftClientTests.debug.xcconfig */,
				7691D91426A5CCFB076684C4 /* Pods-AsYoutubeiPadSwiftClientTests.release.xcconfig */,
			);
			name = Pods;
			sourceTree = "<group>";
		};
/* End PBXGroup section */

/* Begin PBXNativeTarget section */
		5EBCDCEF1AB5C22C0023F037 /* AsYoutubeiPadSwiftClient */ = {
			isa = PBXNativeTarget;
			buildConfigurationList = 5EBCDD0F1AB5C22C0023F037 /* Build configuration list for PBXNativeTarget "AsYoutubeiPadSwiftClient" */;
			buildPhases = (
				8323D7F476C8F9D8444E7E6E /* Check Pods Manifest.lock */,
				5EBCDCEC1AB5C22C0023F037 /* Sources */,
				5EBCDCED1AB5C22C0023F037 /* Frameworks */,
				5EBCDCEE1AB5C22C0023F037 /* Resources */,
				C54BC0F442931D539EC210D5 /* Copy Pods Resources */,
				5E39F8881AB91E6D00A285AE /* ShellScript */,
			);
			buildRules = (
			);
			dependencies = (
			);
			name = AsYoutubeiPadSwiftClient;
			productName = AsYoutubeiPadSwiftClient;
			productReference = 5EBCDCF01AB5C22C0023F037 /* AsYoutubeiPadSwiftClient.app */;
			productType = "com.apple.product-type.application";
		};
		5EBCDD041AB5C22C0023F037 /* AsYoutubeiPadSwiftClientTests */ = {
			isa = PBXNativeTarget;
			buildConfigurationList = 5EBCDD121AB5C22C0023F037 /* Build configuration list for PBXNativeTarget "AsYoutubeiPadSwiftClientTests" */;
			buildPhases = (
				3E8216DD72E6E5D4FDB1CC02 /* Check Pods Manifest.lock */,
				5EBCDD011AB5C22C0023F037 /* Sources */,
				5EBCDD021AB5C22C0023F037 /* Frameworks */,
				5EBCDD031AB5C22C0023F037 /* Resources */,
				2D091DCDBC0275107D48B66E /* Copy Pods Resources */,
			);
			buildRules = (
			);
			dependencies = (
				5EBCDD071AB5C22C0023F037 /* PBXTargetDependency */,
			);
			name = AsYoutubeiPadSwiftClientTests;
			productName = AsYoutubeiPadSwiftClientTests;
			productReference = 5EBCDD051AB5C22C0023F037 /* AsYoutubeiPadSwiftClientTests.xctest */;
			productType = "com.apple.product-type.bundle.unit-test";
		};
/* End PBXNativeTarget section */

/* Begin PBXProject section */
		5EBCDCE81AB5C22C0023F037 /* Project object */ = {
			isa = PBXProject;
			attributes = {
				LastUpgradeCheck = 0610;
				ORGANIZATIONNAME = djzhang;
				TargetAttributes = {
					5EBCDCEF1AB5C22C0023F037 = {
						CreatedOnToolsVersion = 6.1.1;
						DevelopmentTeam = VCRS784KF3;
					};
					5EBCDD041AB5C22C0023F037 = {
						CreatedOnToolsVersion = 6.1.1;
						TestTargetID = 5EBCDCEF1AB5C22C0023F037;
					};
				};
			};
			buildConfigurationList = 5EBCDCEB1AB5C22C0023F037 /* Build configuration list for PBXProject "AsYoutubeiPadSwiftClient" */;
			compatibilityVersion = "Xcode 3.2";
			developmentRegion = English;
			hasScannedForEncodings = 0;
			knownRegions = (
				en,
				Base,
			);
			mainGroup = 5EBCDCE71AB5C22C0023F037;
			productRefGroup = 5EBCDCF11AB5C22C0023F037 /* Products */;
			projectDirPath = "";
			projectRoot = "";
			targets = (
				5EBCDCEF1AB5C22C0023F037 /* AsYoutubeiPadSwiftClient */,
				5EBCDD041AB5C22C0023F037 /* AsYoutubeiPadSwiftClientTests */,
			);
		};
/* End PBXProject section */

/* Begin PBXResourcesBuildPhase section */
		5EBCDCEE1AB5C22C0023F037 /* Resources */ = {
			isa = PBXResourcesBuildPhase;
			buildActionMask = 2147483647;
			files = (
				5EBCDCFB1AB5C22C0023F037 /* Main.storyboard in Resources */,
				5EBCDD001AB5C22C0023F037 /* LaunchScreen.xib in Resources */,
				5EBCDCFD1AB5C22C0023F037 /* Images.xcassets in Resources */,
				5ECFEEC31ABB282700779904 /* .gitkeep in Resources */,
			);
			runOnlyForDeploymentPostprocessing = 0;
		};
		5EBCDD031AB5C22C0023F037 /* Resources */ = {
			isa = PBXResourcesBuildPhase;
			buildActionMask = 2147483647;
			files = (
			);
			runOnlyForDeploymentPostprocessing = 0;
		};
/* End PBXResourcesBuildPhase section */

/* Begin PBXShellScriptBuildPhase section */
		2D091DCDBC0275107D48B66E /* Copy Pods Resources */ = {
			isa = PBXShellScriptBuildPhase;
			buildActionMask = 2147483647;
			files = (
			);
			inputPaths = (
			);
			name = "Copy Pods Resources";
			outputPaths = (
			);
			runOnlyForDeploymentPostprocessing = 0;
			shellPath = /bin/sh;
			shellScript = "\"${SRCROOT}/Pods/Target Support Files/Pods-AsYoutubeiPadSwiftClientTests/Pods-AsYoutubeiPadSwiftClientTests-resources.sh\"\n";
			showEnvVarsInLog = 0;
		};
		3E8216DD72E6E5D4FDB1CC02 /* Check Pods Manifest.lock */ = {
			isa = PBXShellScriptBuildPhase;
			buildActionMask = 2147483647;
			files = (
			);
			inputPaths = (
			);
			name = "Check Pods Manifest.lock";
			outputPaths = (
			);
			runOnlyForDeploymentPostprocessing = 0;
			shellPath = /bin/sh;
			shellScript = "diff \"${PODS_ROOT}/../Podfile.lock\" \"${PODS_ROOT}/Manifest.lock\" > /dev/null\nif [[ $? != 0 ]] ; then\n    cat << EOM\nerror: The sandbox is not in sync with the Podfile.lock. Run 'pod install' or update your CocoaPods installation.\nEOM\n    exit 1\nfi\n";
			showEnvVarsInLog = 0;
		};
		5E39F8881AB91E6D00A285AE /* ShellScript */ = {
			isa = PBXShellScriptBuildPhase;
			buildActionMask = 2147483647;
			files = (
			);
			inputPaths = (
				"$(SRCROOT)/Carthage/Build/iOS/Alamofire.framework",
				"$(SRCROOT)/Carthage/Build/iOS/Haneke.framework",
				"$(SRCROOT)/Carthage/Build/iOS/Toucan.framework",
			);
			outputPaths = (
			);
			runOnlyForDeploymentPostprocessing = 0;
			shellPath = /bin/sh;
			shellScript = "/usr/local/bin/carthage copy-frameworks";
		};
		8323D7F476C8F9D8444E7E6E /* Check Pods Manifest.lock */ = {
			isa = PBXShellScriptBuildPhase;
			buildActionMask = 2147483647;
			files = (
			);
			inputPaths = (
			);
			name = "Check Pods Manifest.lock";
			outputPaths = (
			);
			runOnlyForDeploymentPostprocessing = 0;
			shellPath = /bin/sh;
			shellScript = "diff \"${PODS_ROOT}/../Podfile.lock\" \"${PODS_ROOT}/Manifest.lock\" > /dev/null\nif [[ $? != 0 ]] ; then\n    cat << EOM\nerror: The sandbox is not in sync with the Podfile.lock. Run 'pod install' or update your CocoaPods installation.\nEOM\n    exit 1\nfi\n";
			showEnvVarsInLog = 0;
		};
		C54BC0F442931D539EC210D5 /* Copy Pods Resources */ = {
			isa = PBXShellScriptBuildPhase;
			buildActionMask = 2147483647;
			files = (
			);
			inputPaths = (
			);
			name = "Copy Pods Resources";
			outputPaths = (
			);
			runOnlyForDeploymentPostprocessing = 0;
			shellPath = /bin/sh;
			shellScript = "\"${SRCROOT}/Pods/Target Support Files/Pods-AsYoutubeiPadSwiftClient/Pods-AsYoutubeiPadSwiftClient-resources.sh\"\n";
			showEnvVarsInLog = 0;
		};
/* End PBXShellScriptBuildPhase section */

/* Begin PBXSourcesBuildPhase section */
		5EBCDCEC1AB5C22C0023F037 /* Sources */ = {
			isa = PBXSourcesBuildPhase;
			buildActionMask = 2147483647;
			files = (
				5E5051991AC69A4800442AD0 /* MenuCollapseTableCell.swift in Sources */,
				5ECFEED31ABB28C600779904 /* YoutubeApi.swift in Sources */,
				5EB3BF841AC2B7C10096B66F /* WebImageCache.swift in Sources */,
				5ECFEEC51ABB282700779904 /* LeftMenuSectionsUtils.swift in Sources */,
				5EBCDCF81AB5C22C0023F037 /* ViewController.swift in Sources */,
				5ECFEEC61ABB282700779904 /* LeftMenuViewController.swift in Sources */,
				5EBCDCF61AB5C22C0023F037 /* AppDelegate.swift in Sources */,
				5EBC21CE1AC0448400FD9DD4 /* YoutubeModelParser.swift in Sources */,
				5EB291081ABD76FB00131D73 /* YoutubeUserProfile.swift in Sources */,
				5E6062031AB81D8600FED7E5 /* MySwiftClass.swift in Sources */,
				5EEDE5501AC3F5B800D1AE30 /* YoutubeCacheImageFetcher.swift in Sources */,
				5E4ED0481AC6748F007DE4ED /* MenuCollapseTableViewController.swift in Sources */,
				5ECFEECB1ABB282700779904 /* SubscriptionsViewController.swift in Sources */,
				5E5051971AC69A2200442AD0 /* AsTableCellProtocols.swift in Sources */,
				5ED3E8DD1AC015D4008985D7 /* YoutubeFetcher.swift in Sources */,
			);
			runOnlyForDeploymentPostprocessing = 0;
		};
		5EBCDD011AB5C22C0023F037 /* Sources */ = {
			isa = PBXSourcesBuildPhase;
			buildActionMask = 2147483647;
			files = (
				5E9E1ECB1AB7226F00523CC0 /* GYWrapSubscriptionsTests.swift in Sources */,
				5EEDE5521AC3F7EF00D1AE30 /* YoutubeApi.swift in Sources */,
				5EEDE5541AC3F91D00D1AE30 /* YoutubeUserProfile.swift in Sources */,
				5EEDE5511AC3F7D900D1AE30 /* YoutubeFetcher.swift in Sources */,
				5E5EF9661AB831CB00CCB831 /* MySwiftClass.swift in Sources */,
				5EBCDD0C1AB5C22C0023F037 /* AsYoutubeiPadSwiftClientTests.swift in Sources */,
				5EEDE5561AC3F9D000D1AE30 /* YoutubeFetcherTests.swift in Sources */,
			);
			runOnlyForDeploymentPostprocessing = 0;
		};
/* End PBXSourcesBuildPhase section */

/* Begin PBXTargetDependency section */
		5EBCDD071AB5C22C0023F037 /* PBXTargetDependency */ = {
			isa = PBXTargetDependency;
			target = 5EBCDCEF1AB5C22C0023F037 /* AsYoutubeiPadSwiftClient */;
			targetProxy = 5EBCDD061AB5C22C0023F037 /* PBXContainerItemProxy */;
		};
/* End PBXTargetDependency section */

/* Begin PBXVariantGroup section */
		5EBCDCF91AB5C22C0023F037 /* Main.storyboard */ = {
			isa = PBXVariantGroup;
			children = (
				5EBCDCFA1AB5C22C0023F037 /* Base */,
			);
			name = Main.storyboard;
			sourceTree = "<group>";
		};
		5EBCDCFE1AB5C22C0023F037 /* LaunchScreen.xib */ = {
			isa = PBXVariantGroup;
			children = (
				5EBCDCFF1AB5C22C0023F037 /* Base */,
			);
			name = LaunchScreen.xib;
			sourceTree = "<group>";
		};
/* End PBXVariantGroup section */

/* Begin XCBuildConfiguration section */
		5EBCDD0D1AB5C22C0023F037 /* Debug */ = {
			isa = XCBuildConfiguration;
			buildSettings = {
				ALWAYS_SEARCH_USER_PATHS = NO;
				CLANG_CXX_LANGUAGE_STANDARD = "gnu++0x";
				CLANG_CXX_LIBRARY = "libc++";
				CLANG_ENABLE_MODULES = YES;
				CLANG_ENABLE_OBJC_ARC = YES;
				CLANG_WARN_BOOL_CONVERSION = YES;
				CLANG_WARN_CONSTANT_CONVERSION = YES;
				CLANG_WARN_DIRECT_OBJC_ISA_USAGE = YES_ERROR;
				CLANG_WARN_EMPTY_BODY = YES;
				CLANG_WARN_ENUM_CONVERSION = YES;
				CLANG_WARN_INT_CONVERSION = YES;
				CLANG_WARN_OBJC_ROOT_CLASS = YES_ERROR;
				CLANG_WARN_UNREACHABLE_CODE = YES;
				CLANG_WARN__DUPLICATE_METHOD_MATCH = YES;
				"CODE_SIGN_IDENTITY[sdk=iphoneos*]" = "iPhone Developer";
				COPY_PHASE_STRIP = NO;
				ENABLE_STRICT_OBJC_MSGSEND = YES;
				GCC_C_LANGUAGE_STANDARD = gnu99;
				GCC_DYNAMIC_NO_PIC = NO;
				GCC_OPTIMIZATION_LEVEL = 0;
				GCC_PREPROCESSOR_DEFINITIONS = (
					"DEBUG=1",
					"$(inherited)",
				);
				GCC_SYMBOLS_PRIVATE_EXTERN = NO;
				GCC_WARN_64_TO_32_BIT_CONVERSION = YES;
				GCC_WARN_ABOUT_RETURN_TYPE = YES_ERROR;
				GCC_WARN_UNDECLARED_SELECTOR = YES;
				GCC_WARN_UNINITIALIZED_AUTOS = YES_AGGRESSIVE;
				GCC_WARN_UNUSED_FUNCTION = YES;
				GCC_WARN_UNUSED_VARIABLE = YES;
				IPHONEOS_DEPLOYMENT_TARGET = 8.1;
				MTL_ENABLE_DEBUG_INFO = YES;
				ONLY_ACTIVE_ARCH = YES;
				SDKROOT = iphoneos;
				SWIFT_OPTIMIZATION_LEVEL = "-Onone";
				TARGETED_DEVICE_FAMILY = 2;
			};
			name = Debug;
		};
		5EBCDD0E1AB5C22C0023F037 /* Release */ = {
			isa = XCBuildConfiguration;
			buildSettings = {
				ALWAYS_SEARCH_USER_PATHS = NO;
				CLANG_CXX_LANGUAGE_STANDARD = "gnu++0x";
				CLANG_CXX_LIBRARY = "libc++";
				CLANG_ENABLE_MODULES = YES;
				CLANG_ENABLE_OBJC_ARC = YES;
				CLANG_WARN_BOOL_CONVERSION = YES;
				CLANG_WARN_CONSTANT_CONVERSION = YES;
				CLANG_WARN_DIRECT_OBJC_ISA_USAGE = YES_ERROR;
				CLANG_WARN_EMPTY_BODY = YES;
				CLANG_WARN_ENUM_CONVERSION = YES;
				CLANG_WARN_INT_CONVERSION = YES;
				CLANG_WARN_OBJC_ROOT_CLASS = YES_ERROR;
				CLANG_WARN_UNREACHABLE_CODE = YES;
				CLANG_WARN__DUPLICATE_METHOD_MATCH = YES;
				"CODE_SIGN_IDENTITY[sdk=iphoneos*]" = "iPhone Developer";
				COPY_PHASE_STRIP = YES;
				ENABLE_NS_ASSERTIONS = NO;
				ENABLE_STRICT_OBJC_MSGSEND = YES;
				GCC_C_LANGUAGE_STANDARD = gnu99;
				GCC_WARN_64_TO_32_BIT_CONVERSION = YES;
				GCC_WARN_ABOUT_RETURN_TYPE = YES_ERROR;
				GCC_WARN_UNDECLARED_SELECTOR = YES;
				GCC_WARN_UNINITIALIZED_AUTOS = YES_AGGRESSIVE;
				GCC_WARN_UNUSED_FUNCTION = YES;
				GCC_WARN_UNUSED_VARIABLE = YES;
				IPHONEOS_DEPLOYMENT_TARGET = 8.1;
				MTL_ENABLE_DEBUG_INFO = NO;
				SDKROOT = iphoneos;
				TARGETED_DEVICE_FAMILY = 2;
				VALIDATE_PRODUCT = YES;
			};
			name = Release;
		};
		5EBCDD101AB5C22C0023F037 /* Debug */ = {
			isa = XCBuildConfiguration;
			baseConfigurationReference = 922EFBB0ED0EC42B0E9566FB /* Pods-AsYoutubeiPadSwiftClient.debug.xcconfig */;
			buildSettings = {
				ASSETCATALOG_COMPILER_APPICON_NAME = AppIcon;
				CLANG_ENABLE_MODULES = YES;
				CODE_SIGN_IDENTITY = "iPhone Developer";
				FRAMEWORK_SEARCH_PATHS = (
					"$(inherited)",
					"$(PROJECT_DIR)/Carthage/Build/iOS",
				);
				GCC_WARN_ABOUT_DEPRECATED_FUNCTIONS = NO;
				GCC_WARN_UNUSED_FUNCTION = NO;
				GCC_WARN_UNUSED_VALUE = NO;
				GCC_WARN_UNUSED_VARIABLE = NO;
				INFOPLIST_FILE = AsYoutubeiPadSwiftClient/Info.plist;
				IPHONEOS_DEPLOYMENT_TARGET = 8.1;
				LD_RUNPATH_SEARCH_PATHS = "$(inherited) @executable_path/Frameworks";
				PRODUCT_NAME = "$(TARGET_NAME)";
				SWIFT_OBJC_BRIDGING_HEADER = "AsYoutubeiPadSwiftClient/AsYoutubeiPadSwiftClient-Bridging-Header.h";
				SWIFT_OPTIMIZATION_LEVEL = "-Onone";
			};
			name = Debug;
		};
		5EBCDD111AB5C22C0023F037 /* Release */ = {
			isa = XCBuildConfiguration;
			baseConfigurationReference = A9C2C565D43AC6F2DCD40AD1 /* Pods-AsYoutubeiPadSwiftClient.release.xcconfig */;
			buildSettings = {
				ASSETCATALOG_COMPILER_APPICON_NAME = AppIcon;
				CLANG_ENABLE_MODULES = YES;
				CODE_SIGN_IDENTITY = "iPhone Developer";
				FRAMEWORK_SEARCH_PATHS = (
					"$(inherited)",
					"$(PROJECT_DIR)/Carthage/Build/iOS",
				);
				GCC_WARN_ABOUT_DEPRECATED_FUNCTIONS = NO;
				GCC_WARN_UNUSED_FUNCTION = NO;
				GCC_WARN_UNUSED_VALUE = NO;
				GCC_WARN_UNUSED_VARIABLE = NO;
				INFOPLIST_FILE = AsYoutubeiPadSwiftClient/Info.plist;
				IPHONEOS_DEPLOYMENT_TARGET = 8.1;
				LD_RUNPATH_SEARCH_PATHS = "$(inherited) @executable_path/Frameworks";
				PRODUCT_NAME = "$(TARGET_NAME)";
				SWIFT_OBJC_BRIDGING_HEADER = "AsYoutubeiPadSwiftClient/AsYoutubeiPadSwiftClient-Bridging-Header.h";
			};
			name = Release;
		};
		5EBCDD131AB5C22C0023F037 /* Debug */ = {
			isa = XCBuildConfiguration;
			baseConfigurationReference = C8DB4AA29840FCCEE884154C /* Pods-AsYoutubeiPadSwiftClientTests.debug.xcconfig */;
			buildSettings = {
				BUNDLE_LOADER = "$(TEST_HOST)";
				FRAMEWORK_SEARCH_PATHS = (
					"$(SDKROOT)/Developer/Library/Frameworks",
					"$(inherited)",
					"$(PROJECT_DIR)/Carthage/Build/iOS",
				);
				GCC_PREPROCESSOR_DEFINITIONS = (
					"DEBUG=1",
					"$(inherited)",
				);
				INFOPLIST_FILE = AsYoutubeiPadSwiftClientTests/Info.plist;
				LD_RUNPATH_SEARCH_PATHS = "$(inherited) @executable_path/Frameworks @loader_path/Frameworks";
				PRODUCT_NAME = "$(TARGET_NAME)";
				SWIFT_OBJC_BRIDGING_HEADER = "AsYoutubeiPadSwiftClient/AsYoutubeiPadSwiftClient-Bridging-Header.h";
				TEST_HOST = "$(BUILT_PRODUCTS_DIR)/AsYoutubeiPadSwiftClient.app/AsYoutubeiPadSwiftClient";
			};
			name = Debug;
		};
		5EBCDD141AB5C22C0023F037 /* Release */ = {
			isa = XCBuildConfiguration;
			baseConfigurationReference = 7691D91426A5CCFB076684C4 /* Pods-AsYoutubeiPadSwiftClientTests.release.xcconfig */;
			buildSettings = {
				BUNDLE_LOADER = "$(TEST_HOST)";
				FRAMEWORK_SEARCH_PATHS = (
					"$(SDKROOT)/Developer/Library/Frameworks",
					"$(inherited)",
					"$(PROJECT_DIR)/Carthage/Build/iOS",
				);
				INFOPLIST_FILE = AsYoutubeiPadSwiftClientTests/Info.plist;
				LD_RUNPATH_SEARCH_PATHS = "$(inherited) @executable_path/Frameworks @loader_path/Frameworks";
				PRODUCT_NAME = "$(TARGET_NAME)";
				SWIFT_OBJC_BRIDGING_HEADER = "AsYoutubeiPadSwiftClient/AsYoutubeiPadSwiftClient-Bridging-Header.h";
				TEST_HOST = "$(BUILT_PRODUCTS_DIR)/AsYoutubeiPadSwiftClient.app/AsYoutubeiPadSwiftClient";
			};
			name = Release;
		};
/* End XCBuildConfiguration section */

/* Begin XCConfigurationList section */
		5EBCDCEB1AB5C22C0023F037 /* Build configuration list for PBXProject "AsYoutubeiPadSwiftClient" */ = {
			isa = XCConfigurationList;
			buildConfigurations = (
				5EBCDD0D1AB5C22C0023F037 /* Debug */,
				5EBCDD0E1AB5C22C0023F037 /* Release */,
			);
			defaultConfigurationIsVisible = 0;
			defaultConfigurationName = Release;
		};
		5EBCDD0F1AB5C22C0023F037 /* Build configuration list for PBXNativeTarget "AsYoutubeiPadSwiftClient" */ = {
			isa = XCConfigurationList;
			buildConfigurations = (
				5EBCDD101AB5C22C0023F037 /* Debug */,
				5EBCDD111AB5C22C0023F037 /* Release */,
			);
			defaultConfigurationIsVisible = 0;
			defaultConfigurationName = Release;
		};
		5EBCDD121AB5C22C0023F037 /* Build configuration list for PBXNativeTarget "AsYoutubeiPadSwiftClientTests" */ = {
			isa = XCConfigurationList;
			buildConfigurations = (
				5EBCDD131AB5C22C0023F037 /* Debug */,
				5EBCDD141AB5C22C0023F037 /* Release */,
			);
			defaultConfigurationIsVisible = 0;
			defaultConfigurationName = Release;
		};
/* End XCConfigurationList section */
	};
	rootObject = 5EBCDCE81AB5C22C0023F037 /* Project object */;
}
